// !$*UTF8*$!
{
	archiveVersion = 1;
	classes = {
	};
	objectVersion = 52;
	objects = {

/* Begin PBXBuildFile section */
		4C070BBF23771D03006E0B60 /* FeedImageCell.swift in Sources */ = {isa = PBXBuildFile; fileRef = 4C070BBE23771D03006E0B60 /* FeedImageCell.swift */; };
		4C070BC12379E112006E0B60 /* UIView+Shimmering.swift in Sources */ = {isa = PBXBuildFile; fileRef = 4C070BC02379E112006E0B60 /* UIView+Shimmering.swift */; };
		4C0E1A2E239A8FFF00DB0E8E /* FeedPresenter.swift in Sources */ = {isa = PBXBuildFile; fileRef = 4C0E1A2D239A8FFF00DB0E8E /* FeedPresenter.swift */; };
		4C0E1A30239AA9A700DB0E8E /* FeedImagePresenter.swift in Sources */ = {isa = PBXBuildFile; fileRef = 4C0E1A2F239AA9A700DB0E8E /* FeedImagePresenter.swift */; };
		4C0E1A32239AB45200DB0E8E /* FeedLoadingViewModel.swift in Sources */ = {isa = PBXBuildFile; fileRef = 4C0E1A31239AB45200DB0E8E /* FeedLoadingViewModel.swift */; };
		4C0E1A34239AB49E00DB0E8E /* FeedViewModel.swift in Sources */ = {isa = PBXBuildFile; fileRef = 4C0E1A33239AB49E00DB0E8E /* FeedViewModel.swift */; };
		4C1059BE23EDA589006B611D /* ErrorView.swift in Sources */ = {isa = PBXBuildFile; fileRef = 4C1059BD23EDA589006B611D /* ErrorView.swift */; };
		4C1059C123EDB20E006B611D /* FeedErrorViewModel.swift in Sources */ = {isa = PBXBuildFile; fileRef = 4C1059C023EDB20E006B611D /* FeedErrorViewModel.swift */; };
		4C1059C323EDB333006B611D /* UIRefreshControl+Helpers.swift in Sources */ = {isa = PBXBuildFile; fileRef = 4C1059C223EDB333006B611D /* UIRefreshControl+Helpers.swift */; };
		4C166754236F39B6006948B0 /* EssentialFeediOS.framework in Frameworks */ = {isa = PBXBuildFile; fileRef = 4C16674B236F39B6006948B0 /* EssentialFeediOS.framework */; };
		4C1F8F5C22DCD12B0063DD36 /* LocalFeedLoader.swift in Sources */ = {isa = PBXBuildFile; fileRef = 4C1F8F5B22DCD12B0063DD36 /* LocalFeedLoader.swift */; };
		4C1F8F5E22DCD2960063DD36 /* FeedStore.swift in Sources */ = {isa = PBXBuildFile; fileRef = 4C1F8F5D22DCD2960063DD36 /* FeedStore.swift */; };
		4C2CA99122930DE900FEF943 /* HTTPClient.swift in Sources */ = {isa = PBXBuildFile; fileRef = 4C2CA99022930DE900FEF943 /* HTTPClient.swift */; };
		4C2CA99322930E5B00FEF943 /* FeedItemsMapper.swift in Sources */ = {isa = PBXBuildFile; fileRef = 4C2CA99222930E5B00FEF943 /* FeedItemsMapper.swift */; };
		4C3092AD23AA3F43006D7BE0 /* Feed.storyboard in Resources */ = {isa = PBXBuildFile; fileRef = 4C3092AC23AA3F43006D7BE0 /* Feed.storyboard */; };
		4C3092AF23AA43A9006D7BE0 /* Feed.xcassets in Resources */ = {isa = PBXBuildFile; fileRef = 4C3092AE23AA43A9006D7BE0 /* Feed.xcassets */; };
		4C3108A8235DEFB9008215CC /* EssentialFeedCacheIntegrationTests.swift in Sources */ = {isa = PBXBuildFile; fileRef = 4C3108A7235DEFB9008215CC /* EssentialFeedCacheIntegrationTests.swift */; };
		4C3108AA235DEFB9008215CC /* EssentialFeed.framework in Frameworks */ = {isa = PBXBuildFile; fileRef = 4C5C377122639C440006AFB1 /* EssentialFeed.framework */; };
		4C3108B0235DFA88008215CC /* XCTestCase+MemoryLeakTracking.swift in Sources */ = {isa = PBXBuildFile; fileRef = 4C65EB2622AD932E006E5E62 /* XCTestCase+MemoryLeakTracking.swift */; };
		4C3108B1235E0B0F008215CC /* FeedCacheTestHelpers.swift in Sources */ = {isa = PBXBuildFile; fileRef = 4CDFE85522F9EA6E000295BB /* FeedCacheTestHelpers.swift */; };
		4C3108B2235E0B5B008215CC /* SharedTestHelpers.swift in Sources */ = {isa = PBXBuildFile; fileRef = 4CDFE85722F9EBC7000295BB /* SharedTestHelpers.swift */; };
		4C3388FC22A6D9070015CFE6 /* URLSessionHTTPClientTests.swift in Sources */ = {isa = PBXBuildFile; fileRef = 4C3388FB22A6D9070015CFE6 /* URLSessionHTTPClientTests.swift */; };
		4C35AB1322FF74F9008C39C2 /* FeedCachePolicy.swift in Sources */ = {isa = PBXBuildFile; fileRef = 4C35AB1222FF74F9008C39C2 /* FeedCachePolicy.swift */; };
		4C37D7C722EDBA9B00D21DC9 /* LoadFeedFromCacheUseCaseTests.swift in Sources */ = {isa = PBXBuildFile; fileRef = 4C37D7C622EDBA9B00D21DC9 /* LoadFeedFromCacheUseCaseTests.swift */; };
		4C37D7CA22EDBCA600D21DC9 /* FeedStoreSpy.swift in Sources */ = {isa = PBXBuildFile; fileRef = 4C37D7C922EDBCA600D21DC9 /* FeedStoreSpy.swift */; };
		4C427CCD2383021A001B5DF8 /* UIImage+TestHelpers.swift in Sources */ = {isa = PBXBuildFile; fileRef = 4C427CCC2383021A001B5DF8 /* UIImage+TestHelpers.swift */; };
		4C427CCF2383037F001B5DF8 /* UIRefreshControl+TestHelpers.swift in Sources */ = {isa = PBXBuildFile; fileRef = 4C427CCE2383037F001B5DF8 /* UIRefreshControl+TestHelpers.swift */; };
		4C427CD123830411001B5DF8 /* UIButton+TestHelpers.swift in Sources */ = {isa = PBXBuildFile; fileRef = 4C427CD023830411001B5DF8 /* UIButton+TestHelpers.swift */; };
		4C427CD323830511001B5DF8 /* UIControl+TestHelpers.swift in Sources */ = {isa = PBXBuildFile; fileRef = 4C427CD223830511001B5DF8 /* UIControl+TestHelpers.swift */; };
		4C427CD8238469B3001B5DF8 /* FeedViewController+TestHelpers.swift in Sources */ = {isa = PBXBuildFile; fileRef = 4C427CD7238469B3001B5DF8 /* FeedViewController+TestHelpers.swift */; };
		4C427CDB23846AB3001B5DF8 /* FeedImageCell+TestHelpers.swift in Sources */ = {isa = PBXBuildFile; fileRef = 4C427CDA23846AB3001B5DF8 /* FeedImageCell+TestHelpers.swift */; };
		4C427CDD23846C65001B5DF8 /* FeedViewControllerTests+LoaderSpy.swift in Sources */ = {isa = PBXBuildFile; fileRef = 4C427CDC23846C65001B5DF8 /* FeedViewControllerTests+LoaderSpy.swift */; };
		4C427CDF23846D5C001B5DF8 /* FeedViewControllerTests+Assertions.swift in Sources */ = {isa = PBXBuildFile; fileRef = 4C427CDE23846D5C001B5DF8 /* FeedViewControllerTests+Assertions.swift */; };
		4C427CE42384700A001B5DF8 /* FeedImageDataLoader.swift in Sources */ = {isa = PBXBuildFile; fileRef = 4C427CE32384700A001B5DF8 /* FeedImageDataLoader.swift */; };
		4C427CE823847BFD001B5DF8 /* FeedImageCellController.swift in Sources */ = {isa = PBXBuildFile; fileRef = 4C427CE723847BFD001B5DF8 /* FeedImageCellController.swift */; };
		4C427CEB2385AD87001B5DF8 /* FeedUIComposer.swift in Sources */ = {isa = PBXBuildFile; fileRef = 4C427CEA2385AD87001B5DF8 /* FeedUIComposer.swift */; };
		4C571E522348C091005E1BEA /* CoreDataFeedStoreTests.swift in Sources */ = {isa = PBXBuildFile; fileRef = 4C571E512348C091005E1BEA /* CoreDataFeedStoreTests.swift */; };
		4C571E542348CC3E005E1BEA /* CoreDataFeedStore.swift in Sources */ = {isa = PBXBuildFile; fileRef = 4C571E532348CC3E005E1BEA /* CoreDataFeedStore.swift */; };
		4C571E572348D06E005E1BEA /* FeedStore.xcdatamodeld in Sources */ = {isa = PBXBuildFile; fileRef = 4C571E552348D06E005E1BEA /* FeedStore.xcdatamodeld */; };
		4C571E5A234BBC9A005E1BEA /* CoreDataHelpers.swift in Sources */ = {isa = PBXBuildFile; fileRef = 4C571E59234BBC9A005E1BEA /* CoreDataHelpers.swift */; };
		4C571E5D234E5387005E1BEA /* ManagedCache.swift in Sources */ = {isa = PBXBuildFile; fileRef = 4C571E5C234E5387005E1BEA /* ManagedCache.swift */; };
		4C571E5F234E539B005E1BEA /* ManagedFeedImage.swift in Sources */ = {isa = PBXBuildFile; fileRef = 4C571E5E234E539B005E1BEA /* ManagedFeedImage.swift */; };
		4C5C377B22639C440006AFB1 /* EssentialFeed.framework in Frameworks */ = {isa = PBXBuildFile; fileRef = 4C5C377122639C440006AFB1 /* EssentialFeed.framework */; };
		4C5C378C22639F140006AFB1 /* FeedImage.swift in Sources */ = {isa = PBXBuildFile; fileRef = 4C5C378B22639F140006AFB1 /* FeedImage.swift */; };
		4C5C378E2263A1560006AFB1 /* FeedLoader.swift in Sources */ = {isa = PBXBuildFile; fileRef = 4C5C378D2263A1560006AFB1 /* FeedLoader.swift */; };
		4C60516023BE26060015916B /* FeedViewControllerTests+Localization.swift in Sources */ = {isa = PBXBuildFile; fileRef = 4C60515F23BE26060015916B /* FeedViewControllerTests+Localization.swift */; };
		4C65EB2722AD932E006E5E62 /* XCTestCase+MemoryLeakTracking.swift in Sources */ = {isa = PBXBuildFile; fileRef = 4C65EB2622AD932E006E5E62 /* XCTestCase+MemoryLeakTracking.swift */; };
		4C65EB2922ADB036006E5E62 /* URLSessionHTTPClient.swift in Sources */ = {isa = PBXBuildFile; fileRef = 4C65EB2822ADB036006E5E62 /* URLSessionHTTPClient.swift */; };
		4C9CB74C23ABAE520043752C /* UITableView+Dequeueing.swift in Sources */ = {isa = PBXBuildFile; fileRef = 4C9CB74B23ABAE520043752C /* UITableView+Dequeueing.swift */; };
		4C9CB74E23ABB07F0043752C /* UIImageView + Animations.swift in Sources */ = {isa = PBXBuildFile; fileRef = 4C9CB74D23ABB07F0043752C /* UIImageView + Animations.swift */; };
		4CA017B022664F03001683D5 /* LoadFeedFormRemoteUseCaseTests.swift in Sources */ = {isa = PBXBuildFile; fileRef = 4CA017AF22664F03001683D5 /* LoadFeedFormRemoteUseCaseTests.swift */; };
		4CA8E89722BFFF3D009A2DE3 /* CacheFeedUseCaseTests.swift in Sources */ = {isa = PBXBuildFile; fileRef = 4CA8E89622BFFF3D009A2DE3 /* CacheFeedUseCaseTests.swift */; };
		4CB3965322E23D900073E5BC /* RemoteFeedItem.swift in Sources */ = {isa = PBXBuildFile; fileRef = 4CB3965222E23D900073E5BC /* RemoteFeedItem.swift */; };
		4CB3965522E23DF00073E5BC /* LocalFeedImage.swift in Sources */ = {isa = PBXBuildFile; fileRef = 4CB3965422E23DF00073E5BC /* LocalFeedImage.swift */; };
		4CC4345A2311FF480079F2BB /* FeedStoreSpecs.swift in Sources */ = {isa = PBXBuildFile; fileRef = 4CC434592311FF480079F2BB /* FeedStoreSpecs.swift */; };
		4CC4345C231200680079F2BB /* XCTestCase+FeedStoreSpecs.swift in Sources */ = {isa = PBXBuildFile; fileRef = 4CC4345B231200680079F2BB /* XCTestCase+FeedStoreSpecs.swift */; };
		4CC71B1B239400250028270F /* FeedImageViewModel.swift in Sources */ = {isa = PBXBuildFile; fileRef = 4CC71B1A239400250028270F /* FeedImageViewModel.swift */; };
		4CC83720226B7CC400B6DC27 /* RemoteFeedLoader.swift in Sources */ = {isa = PBXBuildFile; fileRef = 4CC8371F226B7CC400B6DC27 /* RemoteFeedLoader.swift */; };
		4CD1EB3F231292F300EB84DF /* XCTestCase+FailableRetrieveFeedStoreSpecs.swift in Sources */ = {isa = PBXBuildFile; fileRef = 4CD1EB3E231292F300EB84DF /* XCTestCase+FailableRetrieveFeedStoreSpecs.swift */; };
		4CD1EB41231294FF00EB84DF /* XCTestCase+FailableInsertFeedStoreSpecs.swift in Sources */ = {isa = PBXBuildFile; fileRef = 4CD1EB40231294FF00EB84DF /* XCTestCase+FailableInsertFeedStoreSpecs.swift */; };
		4CD1EB432312966400EB84DF /* XCTestCase+FailableDeleteFeedStoreSpecs.swift in Sources */ = {isa = PBXBuildFile; fileRef = 4CD1EB422312966400EB84DF /* XCTestCase+FailableDeleteFeedStoreSpecs.swift */; };
		4CDFE85422F9E247000295BB /* ValidateFeedCacheUseCaseTests.swift in Sources */ = {isa = PBXBuildFile; fileRef = 4CDFE85322F9E247000295BB /* ValidateFeedCacheUseCaseTests.swift */; };
		4CDFE85622F9EA6E000295BB /* FeedCacheTestHelpers.swift in Sources */ = {isa = PBXBuildFile; fileRef = 4CDFE85522F9EA6E000295BB /* FeedCacheTestHelpers.swift */; };
		4CDFE85822F9EBC7000295BB /* SharedTestHelpers.swift in Sources */ = {isa = PBXBuildFile; fileRef = 4CDFE85722F9EBC7000295BB /* SharedTestHelpers.swift */; };
		4CE504A923BE2BED0077C27A /* Feed.strings in Resources */ = {isa = PBXBuildFile; fileRef = 4CE504AB23BE2BED0077C27A /* Feed.strings */; };
		4CE504B023BE39BB0077C27A /* FeedLocalizationTests.swift in Sources */ = {isa = PBXBuildFile; fileRef = 4CE504AF23BE39BB0077C27A /* FeedLocalizationTests.swift */; };
		4CEE117C23C5155800150995 /* MainQueueDispatchDecorator.swift in Sources */ = {isa = PBXBuildFile; fileRef = 4CEE117B23C5155800150995 /* MainQueueDispatchDecorator.swift */; };
		4CEE117E23C516FB00150995 /* WeakRefVirtualProxy.swift in Sources */ = {isa = PBXBuildFile; fileRef = 4CEE117D23C516FB00150995 /* WeakRefVirtualProxy.swift */; };
		4CEE118023C517FF00150995 /* FeedImageDataLoaderPresentationAdapter.swift in Sources */ = {isa = PBXBuildFile; fileRef = 4CEE117F23C517FF00150995 /* FeedImageDataLoaderPresentationAdapter.swift */; };
		4CEE118223C5188700150995 /* FeedLoaderPresentationAdapter.swift in Sources */ = {isa = PBXBuildFile; fileRef = 4CEE118123C5188700150995 /* FeedLoaderPresentationAdapter.swift */; };
		4CEE118423C51A4E00150995 /* FeedViewAdapter.swift in Sources */ = {isa = PBXBuildFile; fileRef = 4CEE118323C51A4E00150995 /* FeedViewAdapter.swift */; };
		4CFADFC822B564CF0042321B /* EssentialFeedAPIEndToEndTests.swift in Sources */ = {isa = PBXBuildFile; fileRef = 4CFADFC722B564CF0042321B /* EssentialFeedAPIEndToEndTests.swift */; };
		4CFADFCA22B564D00042321B /* EssentialFeed.framework in Frameworks */ = {isa = PBXBuildFile; fileRef = 4C5C377122639C440006AFB1 /* EssentialFeed.framework */; };
		4CFADFD222B591B20042321B /* XCTestCase+MemoryLeakTracking.swift in Sources */ = {isa = PBXBuildFile; fileRef = 4C65EB2622AD932E006E5E62 /* XCTestCase+MemoryLeakTracking.swift */; };
		4CFB2B0E2373272E004673F8 /* FeedUIIntegrationTests.swift in Sources */ = {isa = PBXBuildFile; fileRef = 4CFB2B0D2373272E004673F8 /* FeedUIIntegrationTests.swift */; };
		4CFB2B1023732D25004673F8 /* EssentialFeed.framework in Frameworks */ = {isa = PBXBuildFile; fileRef = 4C5C377122639C440006AFB1 /* EssentialFeed.framework */; platformFilter = ios; };
		4CFB2B1123732D25004673F8 /* EssentialFeed.framework in Embed Frameworks */ = {isa = PBXBuildFile; fileRef = 4C5C377122639C440006AFB1 /* EssentialFeed.framework */; platformFilter = ios; settings = {ATTRIBUTES = (CodeSignOnCopy, RemoveHeadersOnCopy, ); }; };
		4CFB2B1523733043004673F8 /* XCTestCase+MemoryLeakTracking.swift in Sources */ = {isa = PBXBuildFile; fileRef = 4C65EB2622AD932E006E5E62 /* XCTestCase+MemoryLeakTracking.swift */; };
		4CFB2B1723734112004673F8 /* FeedViewController.swift in Sources */ = {isa = PBXBuildFile; fileRef = 4CFB2B1623734112004673F8 /* FeedViewController.swift */; };
		4CFC9D2623EF2643003B2254 /* FeedPresenterTests.swift in Sources */ = {isa = PBXBuildFile; fileRef = 4CFC9D2523EF2643003B2254 /* FeedPresenterTests.swift */; };
/* End PBXBuildFile section */

/* Begin PBXContainerItemProxy section */
		4C166755236F39B6006948B0 /* PBXContainerItemProxy */ = {
			isa = PBXContainerItemProxy;
			containerPortal = 4C5C376822639C440006AFB1 /* Project object */;
			proxyType = 1;
			remoteGlobalIDString = 4C16674A236F39B6006948B0;
			remoteInfo = EssentialFeediOS;
		};
		4C3108AB235DEFB9008215CC /* PBXContainerItemProxy */ = {
			isa = PBXContainerItemProxy;
			containerPortal = 4C5C376822639C440006AFB1 /* Project object */;
			proxyType = 1;
			remoteGlobalIDString = 4C5C377022639C440006AFB1;
			remoteInfo = EssentialFeed;
		};
		4C5C377C22639C440006AFB1 /* PBXContainerItemProxy */ = {
			isa = PBXContainerItemProxy;
			containerPortal = 4C5C376822639C440006AFB1 /* Project object */;
			proxyType = 1;
			remoteGlobalIDString = 4C5C377022639C440006AFB1;
			remoteInfo = EssentialFeed;
		};
		4CFADFCB22B564D00042321B /* PBXContainerItemProxy */ = {
			isa = PBXContainerItemProxy;
			containerPortal = 4C5C376822639C440006AFB1 /* Project object */;
			proxyType = 1;
			remoteGlobalIDString = 4C5C377022639C440006AFB1;
			remoteInfo = EssentialFeed;
		};
		4CFB2B1223732D25004673F8 /* PBXContainerItemProxy */ = {
			isa = PBXContainerItemProxy;
			containerPortal = 4C5C376822639C440006AFB1 /* Project object */;
			proxyType = 1;
			remoteGlobalIDString = 4C5C377022639C440006AFB1;
			remoteInfo = EssentialFeed;
		};
/* End PBXContainerItemProxy section */

/* Begin PBXCopyFilesBuildPhase section */
		4CFB2B1423732D25004673F8 /* Embed Frameworks */ = {
			isa = PBXCopyFilesBuildPhase;
			buildActionMask = 2147483647;
			dstPath = "";
			dstSubfolderSpec = 10;
			files = (
				4CFB2B1123732D25004673F8 /* EssentialFeed.framework in Embed Frameworks */,
			);
			name = "Embed Frameworks";
			runOnlyForDeploymentPostprocessing = 0;
		};
/* End PBXCopyFilesBuildPhase section */

/* Begin PBXFileReference section */
		4C070BBE23771D03006E0B60 /* FeedImageCell.swift */ = {isa = PBXFileReference; lastKnownFileType = sourcecode.swift; path = FeedImageCell.swift; sourceTree = "<group>"; };
		4C070BC02379E112006E0B60 /* UIView+Shimmering.swift */ = {isa = PBXFileReference; lastKnownFileType = sourcecode.swift; path = "UIView+Shimmering.swift"; sourceTree = "<group>"; };
		4C0E1A2D239A8FFF00DB0E8E /* FeedPresenter.swift */ = {isa = PBXFileReference; lastKnownFileType = sourcecode.swift; path = FeedPresenter.swift; sourceTree = "<group>"; };
		4C0E1A2F239AA9A700DB0E8E /* FeedImagePresenter.swift */ = {isa = PBXFileReference; lastKnownFileType = sourcecode.swift; path = FeedImagePresenter.swift; sourceTree = "<group>"; };
		4C0E1A31239AB45200DB0E8E /* FeedLoadingViewModel.swift */ = {isa = PBXFileReference; lastKnownFileType = sourcecode.swift; path = FeedLoadingViewModel.swift; sourceTree = "<group>"; };
		4C0E1A33239AB49E00DB0E8E /* FeedViewModel.swift */ = {isa = PBXFileReference; lastKnownFileType = sourcecode.swift; path = FeedViewModel.swift; sourceTree = "<group>"; };
		4C1059BD23EDA589006B611D /* ErrorView.swift */ = {isa = PBXFileReference; lastKnownFileType = sourcecode.swift; path = ErrorView.swift; sourceTree = "<group>"; };
		4C1059C023EDB20E006B611D /* FeedErrorViewModel.swift */ = {isa = PBXFileReference; lastKnownFileType = sourcecode.swift; path = FeedErrorViewModel.swift; sourceTree = "<group>"; };
		4C1059C223EDB333006B611D /* UIRefreshControl+Helpers.swift */ = {isa = PBXFileReference; lastKnownFileType = sourcecode.swift; path = "UIRefreshControl+Helpers.swift"; sourceTree = "<group>"; };
		4C16674B236F39B6006948B0 /* EssentialFeediOS.framework */ = {isa = PBXFileReference; explicitFileType = wrapper.framework; includeInIndex = 0; path = EssentialFeediOS.framework; sourceTree = BUILT_PRODUCTS_DIR; };
		4C16674E236F39B6006948B0 /* Info.plist */ = {isa = PBXFileReference; lastKnownFileType = text.plist.xml; path = Info.plist; sourceTree = "<group>"; };
		4C166753236F39B6006948B0 /* EssentialFeediOSTests.xctest */ = {isa = PBXFileReference; explicitFileType = wrapper.cfbundle; includeInIndex = 0; path = EssentialFeediOSTests.xctest; sourceTree = BUILT_PRODUCTS_DIR; };
		4C16675A236F39B6006948B0 /* Info.plist */ = {isa = PBXFileReference; lastKnownFileType = text.plist.xml; path = Info.plist; sourceTree = "<group>"; };
		4C1F8F5B22DCD12B0063DD36 /* LocalFeedLoader.swift */ = {isa = PBXFileReference; lastKnownFileType = sourcecode.swift; path = LocalFeedLoader.swift; sourceTree = "<group>"; };
		4C1F8F5D22DCD2960063DD36 /* FeedStore.swift */ = {isa = PBXFileReference; lastKnownFileType = sourcecode.swift; path = FeedStore.swift; sourceTree = "<group>"; };
		4C2CA99022930DE900FEF943 /* HTTPClient.swift */ = {isa = PBXFileReference; lastKnownFileType = sourcecode.swift; path = HTTPClient.swift; sourceTree = "<group>"; };
		4C2CA99222930E5B00FEF943 /* FeedItemsMapper.swift */ = {isa = PBXFileReference; lastKnownFileType = sourcecode.swift; path = FeedItemsMapper.swift; sourceTree = "<group>"; };
		4C3092AC23AA3F43006D7BE0 /* Feed.storyboard */ = {isa = PBXFileReference; lastKnownFileType = file.storyboard; path = Feed.storyboard; sourceTree = "<group>"; };
		4C3092AE23AA43A9006D7BE0 /* Feed.xcassets */ = {isa = PBXFileReference; lastKnownFileType = folder.assetcatalog; path = Feed.xcassets; sourceTree = "<group>"; };
		4C3108A5235DEFB8008215CC /* EssentialFeedCacheIntegrationTests.xctest */ = {isa = PBXFileReference; explicitFileType = wrapper.cfbundle; includeInIndex = 0; path = EssentialFeedCacheIntegrationTests.xctest; sourceTree = BUILT_PRODUCTS_DIR; };
		4C3108A7235DEFB9008215CC /* EssentialFeedCacheIntegrationTests.swift */ = {isa = PBXFileReference; lastKnownFileType = sourcecode.swift; path = EssentialFeedCacheIntegrationTests.swift; sourceTree = "<group>"; };
		4C3108A9235DEFB9008215CC /* Info.plist */ = {isa = PBXFileReference; lastKnownFileType = text.plist.xml; path = Info.plist; sourceTree = "<group>"; };
		4C3388FB22A6D9070015CFE6 /* URLSessionHTTPClientTests.swift */ = {isa = PBXFileReference; lastKnownFileType = sourcecode.swift; path = URLSessionHTTPClientTests.swift; sourceTree = "<group>"; };
		4C35AB1222FF74F9008C39C2 /* FeedCachePolicy.swift */ = {isa = PBXFileReference; lastKnownFileType = sourcecode.swift; path = FeedCachePolicy.swift; sourceTree = "<group>"; };
		4C37D7C622EDBA9B00D21DC9 /* LoadFeedFromCacheUseCaseTests.swift */ = {isa = PBXFileReference; lastKnownFileType = sourcecode.swift; path = LoadFeedFromCacheUseCaseTests.swift; sourceTree = "<group>"; };
		4C37D7C922EDBCA600D21DC9 /* FeedStoreSpy.swift */ = {isa = PBXFileReference; lastKnownFileType = sourcecode.swift; path = FeedStoreSpy.swift; sourceTree = "<group>"; };
		4C427CCC2383021A001B5DF8 /* UIImage+TestHelpers.swift */ = {isa = PBXFileReference; lastKnownFileType = sourcecode.swift; path = "UIImage+TestHelpers.swift"; sourceTree = "<group>"; };
		4C427CCE2383037F001B5DF8 /* UIRefreshControl+TestHelpers.swift */ = {isa = PBXFileReference; lastKnownFileType = sourcecode.swift; path = "UIRefreshControl+TestHelpers.swift"; sourceTree = "<group>"; };
		4C427CD023830411001B5DF8 /* UIButton+TestHelpers.swift */ = {isa = PBXFileReference; lastKnownFileType = sourcecode.swift; path = "UIButton+TestHelpers.swift"; sourceTree = "<group>"; };
		4C427CD223830511001B5DF8 /* UIControl+TestHelpers.swift */ = {isa = PBXFileReference; lastKnownFileType = sourcecode.swift; path = "UIControl+TestHelpers.swift"; sourceTree = "<group>"; };
		4C427CD7238469B3001B5DF8 /* FeedViewController+TestHelpers.swift */ = {isa = PBXFileReference; lastKnownFileType = sourcecode.swift; path = "FeedViewController+TestHelpers.swift"; sourceTree = "<group>"; };
		4C427CDA23846AB3001B5DF8 /* FeedImageCell+TestHelpers.swift */ = {isa = PBXFileReference; lastKnownFileType = sourcecode.swift; path = "FeedImageCell+TestHelpers.swift"; sourceTree = "<group>"; };
		4C427CDC23846C65001B5DF8 /* FeedViewControllerTests+LoaderSpy.swift */ = {isa = PBXFileReference; lastKnownFileType = sourcecode.swift; path = "FeedViewControllerTests+LoaderSpy.swift"; sourceTree = "<group>"; };
		4C427CDE23846D5C001B5DF8 /* FeedViewControllerTests+Assertions.swift */ = {isa = PBXFileReference; lastKnownFileType = sourcecode.swift; path = "FeedViewControllerTests+Assertions.swift"; sourceTree = "<group>"; };
		4C427CE32384700A001B5DF8 /* FeedImageDataLoader.swift */ = {isa = PBXFileReference; lastKnownFileType = sourcecode.swift; path = FeedImageDataLoader.swift; sourceTree = "<group>"; };
		4C427CE723847BFD001B5DF8 /* FeedImageCellController.swift */ = {isa = PBXFileReference; lastKnownFileType = sourcecode.swift; path = FeedImageCellController.swift; sourceTree = "<group>"; };
		4C427CEA2385AD87001B5DF8 /* FeedUIComposer.swift */ = {isa = PBXFileReference; lastKnownFileType = sourcecode.swift; path = FeedUIComposer.swift; sourceTree = "<group>"; };
		4C571E512348C091005E1BEA /* CoreDataFeedStoreTests.swift */ = {isa = PBXFileReference; lastKnownFileType = sourcecode.swift; path = CoreDataFeedStoreTests.swift; sourceTree = "<group>"; };
		4C571E532348CC3E005E1BEA /* CoreDataFeedStore.swift */ = {isa = PBXFileReference; lastKnownFileType = sourcecode.swift; path = CoreDataFeedStore.swift; sourceTree = "<group>"; };
		4C571E562348D06E005E1BEA /* FeedStore.xcdatamodel */ = {isa = PBXFileReference; lastKnownFileType = wrapper.xcdatamodel; path = FeedStore.xcdatamodel; sourceTree = "<group>"; };
		4C571E59234BBC9A005E1BEA /* CoreDataHelpers.swift */ = {isa = PBXFileReference; lastKnownFileType = sourcecode.swift; path = CoreDataHelpers.swift; sourceTree = "<group>"; };
		4C571E5C234E5387005E1BEA /* ManagedCache.swift */ = {isa = PBXFileReference; lastKnownFileType = sourcecode.swift; path = ManagedCache.swift; sourceTree = "<group>"; };
		4C571E5E234E539B005E1BEA /* ManagedFeedImage.swift */ = {isa = PBXFileReference; lastKnownFileType = sourcecode.swift; path = ManagedFeedImage.swift; sourceTree = "<group>"; };
		4C5C377122639C440006AFB1 /* EssentialFeed.framework */ = {isa = PBXFileReference; explicitFileType = wrapper.framework; includeInIndex = 0; path = EssentialFeed.framework; sourceTree = BUILT_PRODUCTS_DIR; };
		4C5C377522639C440006AFB1 /* Info.plist */ = {isa = PBXFileReference; lastKnownFileType = text.plist.xml; path = Info.plist; sourceTree = "<group>"; };
		4C5C377A22639C440006AFB1 /* EssentialFeedTests.xctest */ = {isa = PBXFileReference; explicitFileType = wrapper.cfbundle; includeInIndex = 0; path = EssentialFeedTests.xctest; sourceTree = BUILT_PRODUCTS_DIR; };
		4C5C378122639C440006AFB1 /* Info.plist */ = {isa = PBXFileReference; lastKnownFileType = text.plist.xml; path = Info.plist; sourceTree = "<group>"; };
		4C5C378B22639F140006AFB1 /* FeedImage.swift */ = {isa = PBXFileReference; lastKnownFileType = sourcecode.swift; path = FeedImage.swift; sourceTree = "<group>"; };
		4C5C378D2263A1560006AFB1 /* FeedLoader.swift */ = {isa = PBXFileReference; lastKnownFileType = sourcecode.swift; path = FeedLoader.swift; sourceTree = "<group>"; };
		4C60515F23BE26060015916B /* FeedViewControllerTests+Localization.swift */ = {isa = PBXFileReference; lastKnownFileType = sourcecode.swift; path = "FeedViewControllerTests+Localization.swift"; sourceTree = "<group>"; };
		4C65EB2622AD932E006E5E62 /* XCTestCase+MemoryLeakTracking.swift */ = {isa = PBXFileReference; lastKnownFileType = sourcecode.swift; path = "XCTestCase+MemoryLeakTracking.swift"; sourceTree = "<group>"; };
		4C65EB2822ADB036006E5E62 /* URLSessionHTTPClient.swift */ = {isa = PBXFileReference; lastKnownFileType = sourcecode.swift; path = URLSessionHTTPClient.swift; sourceTree = "<group>"; };
		4C9CB74B23ABAE520043752C /* UITableView+Dequeueing.swift */ = {isa = PBXFileReference; lastKnownFileType = sourcecode.swift; path = "UITableView+Dequeueing.swift"; sourceTree = "<group>"; };
		4C9CB74D23ABB07F0043752C /* UIImageView + Animations.swift */ = {isa = PBXFileReference; lastKnownFileType = sourcecode.swift; path = "UIImageView + Animations.swift"; sourceTree = "<group>"; };
		4CA017AF22664F03001683D5 /* LoadFeedFormRemoteUseCaseTests.swift */ = {isa = PBXFileReference; lastKnownFileType = sourcecode.swift; path = LoadFeedFormRemoteUseCaseTests.swift; sourceTree = "<group>"; };
		4CA8E89622BFFF3D009A2DE3 /* CacheFeedUseCaseTests.swift */ = {isa = PBXFileReference; lastKnownFileType = sourcecode.swift; path = CacheFeedUseCaseTests.swift; sourceTree = "<group>"; };
		4CB3965222E23D900073E5BC /* RemoteFeedItem.swift */ = {isa = PBXFileReference; lastKnownFileType = sourcecode.swift; path = RemoteFeedItem.swift; sourceTree = "<group>"; };
		4CB3965422E23DF00073E5BC /* LocalFeedImage.swift */ = {isa = PBXFileReference; lastKnownFileType = sourcecode.swift; path = LocalFeedImage.swift; sourceTree = "<group>"; };
		4CC434592311FF480079F2BB /* FeedStoreSpecs.swift */ = {isa = PBXFileReference; lastKnownFileType = sourcecode.swift; path = FeedStoreSpecs.swift; sourceTree = "<group>"; };
		4CC4345B231200680079F2BB /* XCTestCase+FeedStoreSpecs.swift */ = {isa = PBXFileReference; lastKnownFileType = sourcecode.swift; path = "XCTestCase+FeedStoreSpecs.swift"; sourceTree = "<group>"; };
		4CC71B1A239400250028270F /* FeedImageViewModel.swift */ = {isa = PBXFileReference; lastKnownFileType = sourcecode.swift; path = FeedImageViewModel.swift; sourceTree = "<group>"; };
		4CC8371F226B7CC400B6DC27 /* RemoteFeedLoader.swift */ = {isa = PBXFileReference; lastKnownFileType = sourcecode.swift; path = RemoteFeedLoader.swift; sourceTree = "<group>"; };
		4CD1EB3E231292F300EB84DF /* XCTestCase+FailableRetrieveFeedStoreSpecs.swift */ = {isa = PBXFileReference; lastKnownFileType = sourcecode.swift; path = "XCTestCase+FailableRetrieveFeedStoreSpecs.swift"; sourceTree = "<group>"; };
		4CD1EB40231294FF00EB84DF /* XCTestCase+FailableInsertFeedStoreSpecs.swift */ = {isa = PBXFileReference; lastKnownFileType = sourcecode.swift; path = "XCTestCase+FailableInsertFeedStoreSpecs.swift"; sourceTree = "<group>"; };
		4CD1EB422312966400EB84DF /* XCTestCase+FailableDeleteFeedStoreSpecs.swift */ = {isa = PBXFileReference; lastKnownFileType = sourcecode.swift; path = "XCTestCase+FailableDeleteFeedStoreSpecs.swift"; sourceTree = "<group>"; };
		4CDFE85322F9E247000295BB /* ValidateFeedCacheUseCaseTests.swift */ = {isa = PBXFileReference; lastKnownFileType = sourcecode.swift; path = ValidateFeedCacheUseCaseTests.swift; sourceTree = "<group>"; };
		4CDFE85522F9EA6E000295BB /* FeedCacheTestHelpers.swift */ = {isa = PBXFileReference; lastKnownFileType = sourcecode.swift; path = FeedCacheTestHelpers.swift; sourceTree = "<group>"; };
		4CDFE85722F9EBC7000295BB /* SharedTestHelpers.swift */ = {isa = PBXFileReference; lastKnownFileType = sourcecode.swift; path = SharedTestHelpers.swift; sourceTree = "<group>"; };
		4CE504AA23BE2BED0077C27A /* en */ = {isa = PBXFileReference; lastKnownFileType = text.plist.strings; name = en; path = en.lproj/Feed.strings; sourceTree = "<group>"; };
		4CE504AC23BE2C460077C27A /* pt-BR */ = {isa = PBXFileReference; lastKnownFileType = text.plist.strings; name = "pt-BR"; path = "pt-BR.lproj/Feed.strings"; sourceTree = "<group>"; };
		4CE504AD23BE2C930077C27A /* el */ = {isa = PBXFileReference; lastKnownFileType = text.plist.strings; name = el; path = el.lproj/Feed.strings; sourceTree = "<group>"; };
		4CE504AF23BE39BB0077C27A /* FeedLocalizationTests.swift */ = {isa = PBXFileReference; lastKnownFileType = sourcecode.swift; path = FeedLocalizationTests.swift; sourceTree = "<group>"; };
		4CEE117B23C5155800150995 /* MainQueueDispatchDecorator.swift */ = {isa = PBXFileReference; lastKnownFileType = sourcecode.swift; path = MainQueueDispatchDecorator.swift; sourceTree = "<group>"; };
		4CEE117D23C516FB00150995 /* WeakRefVirtualProxy.swift */ = {isa = PBXFileReference; lastKnownFileType = sourcecode.swift; path = WeakRefVirtualProxy.swift; sourceTree = "<group>"; };
		4CEE117F23C517FF00150995 /* FeedImageDataLoaderPresentationAdapter.swift */ = {isa = PBXFileReference; lastKnownFileType = sourcecode.swift; path = FeedImageDataLoaderPresentationAdapter.swift; sourceTree = "<group>"; };
		4CEE118123C5188700150995 /* FeedLoaderPresentationAdapter.swift */ = {isa = PBXFileReference; lastKnownFileType = sourcecode.swift; path = FeedLoaderPresentationAdapter.swift; sourceTree = "<group>"; };
		4CEE118323C51A4E00150995 /* FeedViewAdapter.swift */ = {isa = PBXFileReference; lastKnownFileType = sourcecode.swift; path = FeedViewAdapter.swift; sourceTree = "<group>"; };
		4CFADFC522B564CF0042321B /* EssentialFeedAPIEndToEndTests.xctest */ = {isa = PBXFileReference; explicitFileType = wrapper.cfbundle; includeInIndex = 0; path = EssentialFeedAPIEndToEndTests.xctest; sourceTree = BUILT_PRODUCTS_DIR; };
		4CFADFC722B564CF0042321B /* EssentialFeedAPIEndToEndTests.swift */ = {isa = PBXFileReference; lastKnownFileType = sourcecode.swift; path = EssentialFeedAPIEndToEndTests.swift; sourceTree = "<group>"; };
		4CFADFC922B564D00042321B /* Info.plist */ = {isa = PBXFileReference; lastKnownFileType = text.plist.xml; path = Info.plist; sourceTree = "<group>"; };
		4CFB2B0D2373272E004673F8 /* FeedUIIntegrationTests.swift */ = {isa = PBXFileReference; lastKnownFileType = sourcecode.swift; path = FeedUIIntegrationTests.swift; sourceTree = "<group>"; };
		4CFB2B1623734112004673F8 /* FeedViewController.swift */ = {isa = PBXFileReference; lastKnownFileType = sourcecode.swift; path = FeedViewController.swift; sourceTree = "<group>"; };
		4CFC9D2523EF2643003B2254 /* FeedPresenterTests.swift */ = {isa = PBXFileReference; lastKnownFileType = sourcecode.swift; path = FeedPresenterTests.swift; sourceTree = "<group>"; };
/* End PBXFileReference section */

/* Begin PBXFrameworksBuildPhase section */
		4C166748236F39B6006948B0 /* Frameworks */ = {
			isa = PBXFrameworksBuildPhase;
			buildActionMask = 2147483647;
			files = (
				4CFB2B1023732D25004673F8 /* EssentialFeed.framework in Frameworks */,
			);
			runOnlyForDeploymentPostprocessing = 0;
		};
		4C166750236F39B6006948B0 /* Frameworks */ = {
			isa = PBXFrameworksBuildPhase;
			buildActionMask = 2147483647;
			files = (
				4C166754236F39B6006948B0 /* EssentialFeediOS.framework in Frameworks */,
			);
			runOnlyForDeploymentPostprocessing = 0;
		};
		4C3108A2235DEFB8008215CC /* Frameworks */ = {
			isa = PBXFrameworksBuildPhase;
			buildActionMask = 2147483647;
			files = (
				4C3108AA235DEFB9008215CC /* EssentialFeed.framework in Frameworks */,
			);
			runOnlyForDeploymentPostprocessing = 0;
		};
		4C5C376E22639C440006AFB1 /* Frameworks */ = {
			isa = PBXFrameworksBuildPhase;
			buildActionMask = 2147483647;
			files = (
			);
			runOnlyForDeploymentPostprocessing = 0;
		};
		4C5C377722639C440006AFB1 /* Frameworks */ = {
			isa = PBXFrameworksBuildPhase;
			buildActionMask = 2147483647;
			files = (
				4C5C377B22639C440006AFB1 /* EssentialFeed.framework in Frameworks */,
			);
			runOnlyForDeploymentPostprocessing = 0;
		};
		4CFADFC222B564CF0042321B /* Frameworks */ = {
			isa = PBXFrameworksBuildPhase;
			buildActionMask = 2147483647;
			files = (
				4CFADFCA22B564D00042321B /* EssentialFeed.framework in Frameworks */,
			);
			runOnlyForDeploymentPostprocessing = 0;
		};
/* End PBXFrameworksBuildPhase section */

/* Begin PBXGroup section */
		4C0E1A2C239A8F0000DB0E8E /* Feed Presentation */ = {
			isa = PBXGroup;
			children = (
				4C0E1A2D239A8FFF00DB0E8E /* FeedPresenter.swift */,
				4CC71B1A239400250028270F /* FeedImageViewModel.swift */,
				4C0E1A2F239AA9A700DB0E8E /* FeedImagePresenter.swift */,
				4C0E1A31239AB45200DB0E8E /* FeedLoadingViewModel.swift */,
				4C0E1A33239AB49E00DB0E8E /* FeedViewModel.swift */,
				4C1059C023EDB20E006B611D /* FeedErrorViewModel.swift */,
				4CE504AB23BE2BED0077C27A /* Feed.strings */,
			);
			path = "Feed Presentation";
			sourceTree = "<group>";
		};
		4C1059BF23EDB173006B611D /* Helpers */ = {
			isa = PBXGroup;
			children = (
				4C070BC02379E112006E0B60 /* UIView+Shimmering.swift */,
				4C9CB74B23ABAE520043752C /* UITableView+Dequeueing.swift */,
				4C9CB74D23ABB07F0043752C /* UIImageView + Animations.swift */,
				4C1059C223EDB333006B611D /* UIRefreshControl+Helpers.swift */,
			);
			path = Helpers;
			sourceTree = "<group>";
		};
		4C16674C236F39B6006948B0 /* EssentialFeediOS */ = {
			isa = PBXGroup;
			children = (
				4C16674E236F39B6006948B0 /* Info.plist */,
				4C427CE223846FF2001B5DF8 /* Feed Image Loader */,
				4C0E1A2C239A8F0000DB0E8E /* Feed Presentation */,
				4C427CE023846F0E001B5DF8 /* Feed UI */,
			);
			path = EssentialFeediOS;
			sourceTree = "<group>";
		};
		4C166757236F39B6006948B0 /* EssentialFeediOSTests */ = {
			isa = PBXGroup;
			children = (
				4CE504AE23BE39970077C27A /* Feed Presentation */,
				4C16675A236F39B6006948B0 /* Info.plist */,
				4C427CE123846F26001B5DF8 /* Feed UI */,
			);
			path = EssentialFeediOSTests;
			sourceTree = "<group>";
		};
		4C1F8F5A22DCD0E60063DD36 /* Feed Cache */ = {
			isa = PBXGroup;
			children = (
				4C571E58234BBADA005E1BEA /* Infrastructure */,
				4C1F8F5B22DCD12B0063DD36 /* LocalFeedLoader.swift */,
				4C1F8F5D22DCD2960063DD36 /* FeedStore.swift */,
				4CB3965422E23DF00073E5BC /* LocalFeedImage.swift */,
				4C35AB1222FF74F9008C39C2 /* FeedCachePolicy.swift */,
			);
			path = "Feed Cache";
			sourceTree = "<group>";
		};
		4C2CA9962293372B00FEF943 /* Feed API */ = {
			isa = PBXGroup;
			children = (
				4CA017AF22664F03001683D5 /* LoadFeedFormRemoteUseCaseTests.swift */,
				4C3388FB22A6D9070015CFE6 /* URLSessionHTTPClientTests.swift */,
			);
			path = "Feed API";
			sourceTree = "<group>";
		};
		4C3108A6235DEFB9008215CC /* EssentialFeedCacheIntegrationTests */ = {
			isa = PBXGroup;
			children = (
				4C3108A7235DEFB9008215CC /* EssentialFeedCacheIntegrationTests.swift */,
				4C3108A9235DEFB9008215CC /* Info.plist */,
			);
			path = EssentialFeedCacheIntegrationTests;
			sourceTree = "<group>";
		};
		4C37D7C822EDBC8A00D21DC9 /* Helpers */ = {
			isa = PBXGroup;
			children = (
				4C37D7C922EDBCA600D21DC9 /* FeedStoreSpy.swift */,
				4CDFE85522F9EA6E000295BB /* FeedCacheTestHelpers.swift */,
			);
			path = Helpers;
			sourceTree = "<group>";
		};
		4C427CD423846890001B5DF8 /* Controllers */ = {
			isa = PBXGroup;
			children = (
				4CFB2B1623734112004673F8 /* FeedViewController.swift */,
				4C427CE723847BFD001B5DF8 /* FeedImageCellController.swift */,
			);
			path = Controllers;
			sourceTree = "<group>";
		};
		4C427CD5238468A1001B5DF8 /* Views */ = {
			isa = PBXGroup;
			children = (
				4C070BBE23771D03006E0B60 /* FeedImageCell.swift */,
				4C3092AC23AA3F43006D7BE0 /* Feed.storyboard */,
				4C1059BD23EDA589006B611D /* ErrorView.swift */,
				4C3092AE23AA43A9006D7BE0 /* Feed.xcassets */,
			);
			path = Views;
			sourceTree = "<group>";
		};
		4C427CD923846A83001B5DF8 /* Helpers */ = {
			isa = PBXGroup;
			children = (
				4C427CCC2383021A001B5DF8 /* UIImage+TestHelpers.swift */,
				4C427CCE2383037F001B5DF8 /* UIRefreshControl+TestHelpers.swift */,
				4C427CD023830411001B5DF8 /* UIButton+TestHelpers.swift */,
				4C427CD223830511001B5DF8 /* UIControl+TestHelpers.swift */,
				4C427CD7238469B3001B5DF8 /* FeedViewController+TestHelpers.swift */,
				4C427CDC23846C65001B5DF8 /* FeedViewControllerTests+LoaderSpy.swift */,
				4C427CDA23846AB3001B5DF8 /* FeedImageCell+TestHelpers.swift */,
				4C427CDE23846D5C001B5DF8 /* FeedViewControllerTests+Assertions.swift */,
				4C60515F23BE26060015916B /* FeedViewControllerTests+Localization.swift */,
			);
			path = Helpers;
			sourceTree = "<group>";
		};
		4C427CE023846F0E001B5DF8 /* Feed UI */ = {
			isa = PBXGroup;
			children = (
				4C427CE92385AD6C001B5DF8 /* Composers */,
				4C427CD423846890001B5DF8 /* Controllers */,
				4C427CD5238468A1001B5DF8 /* Views */,
				4C1059BF23EDB173006B611D /* Helpers */,
			);
			path = "Feed UI";
			sourceTree = "<group>";
		};
		4C427CE123846F26001B5DF8 /* Feed UI */ = {
			isa = PBXGroup;
			children = (
				4C427CD923846A83001B5DF8 /* Helpers */,
				4CFB2B0D2373272E004673F8 /* FeedUIIntegrationTests.swift */,
			);
			path = "Feed UI";
			sourceTree = "<group>";
		};
		4C427CE223846FF2001B5DF8 /* Feed Image Loader */ = {
			isa = PBXGroup;
			children = (
				4C427CE32384700A001B5DF8 /* FeedImageDataLoader.swift */,
			);
			path = "Feed Image Loader";
			sourceTree = "<group>";
		};
		4C427CE92385AD6C001B5DF8 /* Composers */ = {
			isa = PBXGroup;
			children = (
				4C427CEA2385AD87001B5DF8 /* FeedUIComposer.swift */,
				4CEE118123C5188700150995 /* FeedLoaderPresentationAdapter.swift */,
				4CEE118323C51A4E00150995 /* FeedViewAdapter.swift */,
				4CEE117B23C5155800150995 /* MainQueueDispatchDecorator.swift */,
				4CEE117D23C516FB00150995 /* WeakRefVirtualProxy.swift */,
				4CEE117F23C517FF00150995 /* FeedImageDataLoaderPresentationAdapter.swift */,
			);
			path = Composers;
			sourceTree = "<group>";
		};
		4C571E58234BBADA005E1BEA /* Infrastructure */ = {
			isa = PBXGroup;
			children = (
				4C571E5B234BBCEB005E1BEA /* CoreData */,
			);
			path = Infrastructure;
			sourceTree = "<group>";
		};
		4C571E5B234BBCEB005E1BEA /* CoreData */ = {
			isa = PBXGroup;
			children = (
				4C571E552348D06E005E1BEA /* FeedStore.xcdatamodeld */,
				4C571E532348CC3E005E1BEA /* CoreDataFeedStore.swift */,
				4C571E59234BBC9A005E1BEA /* CoreDataHelpers.swift */,
				4C571E5C234E5387005E1BEA /* ManagedCache.swift */,
				4C571E5E234E539B005E1BEA /* ManagedFeedImage.swift */,
			);
			path = CoreData;
			sourceTree = "<group>";
		};
		4C5C376722639C440006AFB1 = {
			isa = PBXGroup;
			children = (
				4C5C377322639C440006AFB1 /* EssentialFeed */,
				4C5C377E22639C440006AFB1 /* EssentialFeedTests */,
				4CFADFC622B564CF0042321B /* EssentialFeedAPIEndToEndTests */,
				4C3108A6235DEFB9008215CC /* EssentialFeedCacheIntegrationTests */,
				4C16674C236F39B6006948B0 /* EssentialFeediOS */,
				4C166757236F39B6006948B0 /* EssentialFeediOSTests */,
				4C5C377222639C440006AFB1 /* Products */,
				4CFB2B0F23732D25004673F8 /* Frameworks */,
			);
			sourceTree = "<group>";
		};
		4C5C377222639C440006AFB1 /* Products */ = {
			isa = PBXGroup;
			children = (
				4C5C377122639C440006AFB1 /* EssentialFeed.framework */,
				4C5C377A22639C440006AFB1 /* EssentialFeedTests.xctest */,
				4CFADFC522B564CF0042321B /* EssentialFeedAPIEndToEndTests.xctest */,
				4C3108A5235DEFB8008215CC /* EssentialFeedCacheIntegrationTests.xctest */,
				4C16674B236F39B6006948B0 /* EssentialFeediOS.framework */,
				4C166753236F39B6006948B0 /* EssentialFeediOSTests.xctest */,
			);
			name = Products;
			sourceTree = "<group>";
		};
		4C5C377322639C440006AFB1 /* EssentialFeed */ = {
			isa = PBXGroup;
			children = (
				4C5C377522639C440006AFB1 /* Info.plist */,
				4C1F8F5A22DCD0E60063DD36 /* Feed Cache */,
				4C5C378F2263A50B0006AFB1 /* Feed Feature */,
				4CC8371E226B7CAB00B6DC27 /* Feed API */,
			);
			path = EssentialFeed;
			sourceTree = "<group>";
		};
		4C5C377E22639C440006AFB1 /* EssentialFeedTests */ = {
			isa = PBXGroup;
			children = (
				4C5C378122639C440006AFB1 /* Info.plist */,
				4C65EB2522AD92E8006E5E62 /* Helpers */,
				4CA8E89522BFFED7009A2DE3 /* Feed Cache */,
				4C2CA9962293372B00FEF943 /* Feed API */,
				4CFC9D2423EF21B5003B2254 /* Feed Presentation */,
			);
			path = EssentialFeedTests;
			sourceTree = "<group>";
		};
		4C5C378F2263A50B0006AFB1 /* Feed Feature */ = {
			isa = PBXGroup;
			children = (
				4C5C378B22639F140006AFB1 /* FeedImage.swift */,
				4C5C378D2263A1560006AFB1 /* FeedLoader.swift */,
			);
			path = "Feed Feature";
			sourceTree = "<group>";
		};
		4C65EB2522AD92E8006E5E62 /* Helpers */ = {
			isa = PBXGroup;
			children = (
				4C65EB2622AD932E006E5E62 /* XCTestCase+MemoryLeakTracking.swift */,
				4CDFE85722F9EBC7000295BB /* SharedTestHelpers.swift */,
			);
			path = Helpers;
			sourceTree = "<group>";
		};
		4CA8E89522BFFED7009A2DE3 /* Feed Cache */ = {
			isa = PBXGroup;
			children = (
				4C37D7C822EDBC8A00D21DC9 /* Helpers */,
				4CC4345D231203640079F2BB /* FeedStoreSpecs */,
				4CA8E89622BFFF3D009A2DE3 /* CacheFeedUseCaseTests.swift */,
				4CDFE85322F9E247000295BB /* ValidateFeedCacheUseCaseTests.swift */,
				4C37D7C622EDBA9B00D21DC9 /* LoadFeedFromCacheUseCaseTests.swift */,
				4C571E512348C091005E1BEA /* CoreDataFeedStoreTests.swift */,
			);
			path = "Feed Cache";
			sourceTree = "<group>";
		};
		4CC4345D231203640079F2BB /* FeedStoreSpecs */ = {
			isa = PBXGroup;
			children = (
				4CC434592311FF480079F2BB /* FeedStoreSpecs.swift */,
				4CC4345B231200680079F2BB /* XCTestCase+FeedStoreSpecs.swift */,
				4CD1EB3E231292F300EB84DF /* XCTestCase+FailableRetrieveFeedStoreSpecs.swift */,
				4CD1EB40231294FF00EB84DF /* XCTestCase+FailableInsertFeedStoreSpecs.swift */,
				4CD1EB422312966400EB84DF /* XCTestCase+FailableDeleteFeedStoreSpecs.swift */,
			);
			path = FeedStoreSpecs;
			sourceTree = "<group>";
		};
		4CC8371E226B7CAB00B6DC27 /* Feed API */ = {
			isa = PBXGroup;
			children = (
				4CC8371F226B7CC400B6DC27 /* RemoteFeedLoader.swift */,
				4C2CA99022930DE900FEF943 /* HTTPClient.swift */,
				4C2CA99222930E5B00FEF943 /* FeedItemsMapper.swift */,
				4CB3965222E23D900073E5BC /* RemoteFeedItem.swift */,
				4C65EB2822ADB036006E5E62 /* URLSessionHTTPClient.swift */,
			);
			path = "Feed API";
			sourceTree = "<group>";
		};
		4CE504AE23BE39970077C27A /* Feed Presentation */ = {
			isa = PBXGroup;
			children = (
				4CE504AF23BE39BB0077C27A /* FeedLocalizationTests.swift */,
			);
			path = "Feed Presentation";
			sourceTree = "<group>";
		};
		4CFADFC622B564CF0042321B /* EssentialFeedAPIEndToEndTests */ = {
			isa = PBXGroup;
			children = (
				4CFADFC722B564CF0042321B /* EssentialFeedAPIEndToEndTests.swift */,
				4CFADFC922B564D00042321B /* Info.plist */,
			);
			path = EssentialFeedAPIEndToEndTests;
			sourceTree = "<group>";
		};
		4CFB2B0F23732D25004673F8 /* Frameworks */ = {
			isa = PBXGroup;
			children = (
			);
			name = Frameworks;
			sourceTree = "<group>";
		};
		4CFC9D2423EF21B5003B2254 /* Feed Presentation */ = {
			isa = PBXGroup;
			children = (
				4CFC9D2523EF2643003B2254 /* FeedPresenterTests.swift */,
			);
			path = "Feed Presentation";
			sourceTree = "<group>";
		};
/* End PBXGroup section */

/* Begin PBXHeadersBuildPhase section */
		4C166746236F39B6006948B0 /* Headers */ = {
			isa = PBXHeadersBuildPhase;
			buildActionMask = 2147483647;
			files = (
			);
			runOnlyForDeploymentPostprocessing = 0;
		};
		4C5C376C22639C440006AFB1 /* Headers */ = {
			isa = PBXHeadersBuildPhase;
			buildActionMask = 2147483647;
			files = (
			);
			runOnlyForDeploymentPostprocessing = 0;
		};
/* End PBXHeadersBuildPhase section */

/* Begin PBXNativeTarget section */
		4C16674A236F39B6006948B0 /* EssentialFeediOS */ = {
			isa = PBXNativeTarget;
			buildConfigurationList = 4C16675C236F39B6006948B0 /* Build configuration list for PBXNativeTarget "EssentialFeediOS" */;
			buildPhases = (
				4C166746236F39B6006948B0 /* Headers */,
				4C166747236F39B6006948B0 /* Sources */,
				4C166748236F39B6006948B0 /* Frameworks */,
				4C166749236F39B6006948B0 /* Resources */,
				4CFB2B1423732D25004673F8 /* Embed Frameworks */,
			);
			buildRules = (
			);
			dependencies = (
				4CFB2B1323732D25004673F8 /* PBXTargetDependency */,
			);
			name = EssentialFeediOS;
			productName = EssentialFeediOS;
			productReference = 4C16674B236F39B6006948B0 /* EssentialFeediOS.framework */;
			productType = "com.apple.product-type.framework";
		};
		4C166752236F39B6006948B0 /* EssentialFeediOSTests */ = {
			isa = PBXNativeTarget;
			buildConfigurationList = 4C16675F236F39B6006948B0 /* Build configuration list for PBXNativeTarget "EssentialFeediOSTests" */;
			buildPhases = (
				4C16674F236F39B6006948B0 /* Sources */,
				4C166750236F39B6006948B0 /* Frameworks */,
				4C166751236F39B6006948B0 /* Resources */,
			);
			buildRules = (
			);
			dependencies = (
				4C166756236F39B6006948B0 /* PBXTargetDependency */,
			);
			name = EssentialFeediOSTests;
			productName = EssentialFeediOSTests;
			productReference = 4C166753236F39B6006948B0 /* EssentialFeediOSTests.xctest */;
			productType = "com.apple.product-type.bundle.unit-test";
		};
		4C3108A4235DEFB8008215CC /* EssentialFeedCacheIntegrationTests */ = {
			isa = PBXNativeTarget;
			buildConfigurationList = 4C3108AF235DEFB9008215CC /* Build configuration list for PBXNativeTarget "EssentialFeedCacheIntegrationTests" */;
			buildPhases = (
				4C3108A1235DEFB8008215CC /* Sources */,
				4C3108A2235DEFB8008215CC /* Frameworks */,
				4C3108A3235DEFB8008215CC /* Resources */,
			);
			buildRules = (
			);
			dependencies = (
				4C3108AC235DEFB9008215CC /* PBXTargetDependency */,
			);
			name = EssentialFeedCacheIntegrationTests;
			productName = EssentialFeedCacheIntegrationTests;
			productReference = 4C3108A5235DEFB8008215CC /* EssentialFeedCacheIntegrationTests.xctest */;
			productType = "com.apple.product-type.bundle.unit-test";
		};
		4C5C377022639C440006AFB1 /* EssentialFeed */ = {
			isa = PBXNativeTarget;
			buildConfigurationList = 4C5C378522639C440006AFB1 /* Build configuration list for PBXNativeTarget "EssentialFeed" */;
			buildPhases = (
				4C5C376C22639C440006AFB1 /* Headers */,
				4C5C376D22639C440006AFB1 /* Sources */,
				4C5C376E22639C440006AFB1 /* Frameworks */,
				4C5C376F22639C440006AFB1 /* Resources */,
			);
			buildRules = (
			);
			dependencies = (
			);
			name = EssentialFeed;
			productName = EssentialFeed;
			productReference = 4C5C377122639C440006AFB1 /* EssentialFeed.framework */;
			productType = "com.apple.product-type.framework";
		};
		4C5C377922639C440006AFB1 /* EssentialFeedTests */ = {
			isa = PBXNativeTarget;
			buildConfigurationList = 4C5C378822639C440006AFB1 /* Build configuration list for PBXNativeTarget "EssentialFeedTests" */;
			buildPhases = (
				4C5C377622639C440006AFB1 /* Sources */,
				4C5C377722639C440006AFB1 /* Frameworks */,
				4C5C377822639C440006AFB1 /* Resources */,
			);
			buildRules = (
			);
			dependencies = (
				4C5C377D22639C440006AFB1 /* PBXTargetDependency */,
			);
			name = EssentialFeedTests;
			productName = EssentialFeedTests;
			productReference = 4C5C377A22639C440006AFB1 /* EssentialFeedTests.xctest */;
			productType = "com.apple.product-type.bundle.unit-test";
		};
		4CFADFC422B564CF0042321B /* EssentialFeedAPIEndToEndTests */ = {
			isa = PBXNativeTarget;
			buildConfigurationList = 4CFADFCF22B564D00042321B /* Build configuration list for PBXNativeTarget "EssentialFeedAPIEndToEndTests" */;
			buildPhases = (
				4CFADFC122B564CF0042321B /* Sources */,
				4CFADFC222B564CF0042321B /* Frameworks */,
				4CFADFC322B564CF0042321B /* Resources */,
			);
			buildRules = (
			);
			dependencies = (
				4CFADFCC22B564D00042321B /* PBXTargetDependency */,
			);
			name = EssentialFeedAPIEndToEndTests;
			productName = EssentialFeedAPIEndToEndTests;
			productReference = 4CFADFC522B564CF0042321B /* EssentialFeedAPIEndToEndTests.xctest */;
			productType = "com.apple.product-type.bundle.unit-test";
		};
/* End PBXNativeTarget section */

/* Begin PBXProject section */
		4C5C376822639C440006AFB1 /* Project object */ = {
			isa = PBXProject;
			attributes = {
				LastSwiftUpdateCheck = 1110;
				LastUpgradeCheck = 1020;
				ORGANIZATIONNAME = SevDev;
				TargetAttributes = {
					4C16674A236F39B6006948B0 = {
						CreatedOnToolsVersion = 11.1;
						LastSwiftMigration = 1110;
					};
					4C166752236F39B6006948B0 = {
						CreatedOnToolsVersion = 11.1;
						LastSwiftMigration = 1110;
					};
					4C3108A4235DEFB8008215CC = {
						CreatedOnToolsVersion = 10.3;
					};
					4C5C377022639C440006AFB1 = {
						CreatedOnToolsVersion = 10.2;
						LastSwiftMigration = 1020;
					};
					4C5C377922639C440006AFB1 = {
						CreatedOnToolsVersion = 10.2;
					};
					4CFADFC422B564CF0042321B = {
						CreatedOnToolsVersion = 10.2.1;
					};
				};
			};
			buildConfigurationList = 4C5C376B22639C440006AFB1 /* Build configuration list for PBXProject "EssentialFeed" */;
			compatibilityVersion = "Xcode 9.3";
			developmentRegion = en;
			hasScannedForEncodings = 0;
			knownRegions = (
				en,
				Base,
				"pt-BR",
				el,
			);
			mainGroup = 4C5C376722639C440006AFB1;
			productRefGroup = 4C5C377222639C440006AFB1 /* Products */;
			projectDirPath = "";
			projectRoot = "";
			targets = (
				4C5C377022639C440006AFB1 /* EssentialFeed */,
				4C5C377922639C440006AFB1 /* EssentialFeedTests */,
				4CFADFC422B564CF0042321B /* EssentialFeedAPIEndToEndTests */,
				4C3108A4235DEFB8008215CC /* EssentialFeedCacheIntegrationTests */,
				4C16674A236F39B6006948B0 /* EssentialFeediOS */,
				4C166752236F39B6006948B0 /* EssentialFeediOSTests */,
			);
		};
/* End PBXProject section */

/* Begin PBXResourcesBuildPhase section */
		4C166749236F39B6006948B0 /* Resources */ = {
			isa = PBXResourcesBuildPhase;
			buildActionMask = 2147483647;
			files = (
				4C3092AD23AA3F43006D7BE0 /* Feed.storyboard in Resources */,
				4C3092AF23AA43A9006D7BE0 /* Feed.xcassets in Resources */,
				4CE504A923BE2BED0077C27A /* Feed.strings in Resources */,
			);
			runOnlyForDeploymentPostprocessing = 0;
		};
		4C166751236F39B6006948B0 /* Resources */ = {
			isa = PBXResourcesBuildPhase;
			buildActionMask = 2147483647;
			files = (
			);
			runOnlyForDeploymentPostprocessing = 0;
		};
		4C3108A3235DEFB8008215CC /* Resources */ = {
			isa = PBXResourcesBuildPhase;
			buildActionMask = 2147483647;
			files = (
			);
			runOnlyForDeploymentPostprocessing = 0;
		};
		4C5C376F22639C440006AFB1 /* Resources */ = {
			isa = PBXResourcesBuildPhase;
			buildActionMask = 2147483647;
			files = (
			);
			runOnlyForDeploymentPostprocessing = 0;
		};
		4C5C377822639C440006AFB1 /* Resources */ = {
			isa = PBXResourcesBuildPhase;
			buildActionMask = 2147483647;
			files = (
			);
			runOnlyForDeploymentPostprocessing = 0;
		};
		4CFADFC322B564CF0042321B /* Resources */ = {
			isa = PBXResourcesBuildPhase;
			buildActionMask = 2147483647;
			files = (
			);
			runOnlyForDeploymentPostprocessing = 0;
		};
/* End PBXResourcesBuildPhase section */

/* Begin PBXSourcesBuildPhase section */
		4C166747236F39B6006948B0 /* Sources */ = {
			isa = PBXSourcesBuildPhase;
			buildActionMask = 2147483647;
			files = (
				4C0E1A2E239A8FFF00DB0E8E /* FeedPresenter.swift in Sources */,
				4C427CE42384700A001B5DF8 /* FeedImageDataLoader.swift in Sources */,
				4C1059BE23EDA589006B611D /* ErrorView.swift in Sources */,
				4C1059C323EDB333006B611D /* UIRefreshControl+Helpers.swift in Sources */,
				4C0E1A34239AB49E00DB0E8E /* FeedViewModel.swift in Sources */,
				4C9CB74E23ABB07F0043752C /* UIImageView + Animations.swift in Sources */,
				4C9CB74C23ABAE520043752C /* UITableView+Dequeueing.swift in Sources */,
				4C0E1A32239AB45200DB0E8E /* FeedLoadingViewModel.swift in Sources */,
				4CEE118223C5188700150995 /* FeedLoaderPresentationAdapter.swift in Sources */,
				4C070BC12379E112006E0B60 /* UIView+Shimmering.swift in Sources */,
				4CEE117E23C516FB00150995 /* WeakRefVirtualProxy.swift in Sources */,
				4C0E1A30239AA9A700DB0E8E /* FeedImagePresenter.swift in Sources */,
				4CEE117C23C5155800150995 /* MainQueueDispatchDecorator.swift in Sources */,
				4CFB2B1723734112004673F8 /* FeedViewController.swift in Sources */,
				4C070BBF23771D03006E0B60 /* FeedImageCell.swift in Sources */,
				4CEE118023C517FF00150995 /* FeedImageDataLoaderPresentationAdapter.swift in Sources */,
				4CC71B1B239400250028270F /* FeedImageViewModel.swift in Sources */,
				4C427CE823847BFD001B5DF8 /* FeedImageCellController.swift in Sources */,
				4C1059C123EDB20E006B611D /* FeedErrorViewModel.swift in Sources */,
				4CEE118423C51A4E00150995 /* FeedViewAdapter.swift in Sources */,
				4C427CEB2385AD87001B5DF8 /* FeedUIComposer.swift in Sources */,
			);
			runOnlyForDeploymentPostprocessing = 0;
		};
		4C16674F236F39B6006948B0 /* Sources */ = {
			isa = PBXSourcesBuildPhase;
			buildActionMask = 2147483647;
			files = (
				4CFB2B0E2373272E004673F8 /* FeedUIIntegrationTests.swift in Sources */,
				4C427CDF23846D5C001B5DF8 /* FeedViewControllerTests+Assertions.swift in Sources */,
				4CE504B023BE39BB0077C27A /* FeedLocalizationTests.swift in Sources */,
				4C427CD123830411001B5DF8 /* UIButton+TestHelpers.swift in Sources */,
				4C427CCF2383037F001B5DF8 /* UIRefreshControl+TestHelpers.swift in Sources */,
				4C427CD323830511001B5DF8 /* UIControl+TestHelpers.swift in Sources */,
				4C427CDD23846C65001B5DF8 /* FeedViewControllerTests+LoaderSpy.swift in Sources */,
				4C427CD8238469B3001B5DF8 /* FeedViewController+TestHelpers.swift in Sources */,
				4CFB2B1523733043004673F8 /* XCTestCase+MemoryLeakTracking.swift in Sources */,
				4C427CCD2383021A001B5DF8 /* UIImage+TestHelpers.swift in Sources */,
				4C427CDB23846AB3001B5DF8 /* FeedImageCell+TestHelpers.swift in Sources */,
				4C60516023BE26060015916B /* FeedViewControllerTests+Localization.swift in Sources */,
			);
			runOnlyForDeploymentPostprocessing = 0;
		};
		4C3108A1235DEFB8008215CC /* Sources */ = {
			isa = PBXSourcesBuildPhase;
			buildActionMask = 2147483647;
			files = (
				4C3108B2235E0B5B008215CC /* SharedTestHelpers.swift in Sources */,
				4C3108A8235DEFB9008215CC /* EssentialFeedCacheIntegrationTests.swift in Sources */,
				4C3108B1235E0B0F008215CC /* FeedCacheTestHelpers.swift in Sources */,
				4C3108B0235DFA88008215CC /* XCTestCase+MemoryLeakTracking.swift in Sources */,
			);
			runOnlyForDeploymentPostprocessing = 0;
		};
		4C5C376D22639C440006AFB1 /* Sources */ = {
			isa = PBXSourcesBuildPhase;
			buildActionMask = 2147483647;
			files = (
				4C571E5A234BBC9A005E1BEA /* CoreDataHelpers.swift in Sources */,
				4C2CA99322930E5B00FEF943 /* FeedItemsMapper.swift in Sources */,
				4C5C378E2263A1560006AFB1 /* FeedLoader.swift in Sources */,
				4CB3965322E23D900073E5BC /* RemoteFeedItem.swift in Sources */,
				4C35AB1322FF74F9008C39C2 /* FeedCachePolicy.swift in Sources */,
				4CC83720226B7CC400B6DC27 /* RemoteFeedLoader.swift in Sources */,
				4C571E572348D06E005E1BEA /* FeedStore.xcdatamodeld in Sources */,
				4CB3965522E23DF00073E5BC /* LocalFeedImage.swift in Sources */,
				4C1F8F5E22DCD2960063DD36 /* FeedStore.swift in Sources */,
				4C1F8F5C22DCD12B0063DD36 /* LocalFeedLoader.swift in Sources */,
				4C2CA99122930DE900FEF943 /* HTTPClient.swift in Sources */,
				4C5C378C22639F140006AFB1 /* FeedImage.swift in Sources */,
				4C65EB2922ADB036006E5E62 /* URLSessionHTTPClient.swift in Sources */,
				4C571E5D234E5387005E1BEA /* ManagedCache.swift in Sources */,
				4C571E542348CC3E005E1BEA /* CoreDataFeedStore.swift in Sources */,
				4C571E5F234E539B005E1BEA /* ManagedFeedImage.swift in Sources */,
			);
			runOnlyForDeploymentPostprocessing = 0;
		};
		4C5C377622639C440006AFB1 /* Sources */ = {
			isa = PBXSourcesBuildPhase;
			buildActionMask = 2147483647;
			files = (
				4CDFE85622F9EA6E000295BB /* FeedCacheTestHelpers.swift in Sources */,
				4CDFE85422F9E247000295BB /* ValidateFeedCacheUseCaseTests.swift in Sources */,
				4CFC9D2623EF2643003B2254 /* FeedPresenterTests.swift in Sources */,
				4CA017B022664F03001683D5 /* LoadFeedFormRemoteUseCaseTests.swift in Sources */,
				4CD1EB41231294FF00EB84DF /* XCTestCase+FailableInsertFeedStoreSpecs.swift in Sources */,
				4C3388FC22A6D9070015CFE6 /* URLSessionHTTPClientTests.swift in Sources */,
				4C37D7CA22EDBCA600D21DC9 /* FeedStoreSpy.swift in Sources */,
				4CDFE85822F9EBC7000295BB /* SharedTestHelpers.swift in Sources */,
				4CA8E89722BFFF3D009A2DE3 /* CacheFeedUseCaseTests.swift in Sources */,
				4CD1EB432312966400EB84DF /* XCTestCase+FailableDeleteFeedStoreSpecs.swift in Sources */,
				4CD1EB3F231292F300EB84DF /* XCTestCase+FailableRetrieveFeedStoreSpecs.swift in Sources */,
				4C37D7C722EDBA9B00D21DC9 /* LoadFeedFromCacheUseCaseTests.swift in Sources */,
				4CC4345A2311FF480079F2BB /* FeedStoreSpecs.swift in Sources */,
				4C65EB2722AD932E006E5E62 /* XCTestCase+MemoryLeakTracking.swift in Sources */,
				4C571E522348C091005E1BEA /* CoreDataFeedStoreTests.swift in Sources */,
				4CC4345C231200680079F2BB /* XCTestCase+FeedStoreSpecs.swift in Sources */,
			);
			runOnlyForDeploymentPostprocessing = 0;
		};
		4CFADFC122B564CF0042321B /* Sources */ = {
			isa = PBXSourcesBuildPhase;
			buildActionMask = 2147483647;
			files = (
				4CFADFC822B564CF0042321B /* EssentialFeedAPIEndToEndTests.swift in Sources */,
				4CFADFD222B591B20042321B /* XCTestCase+MemoryLeakTracking.swift in Sources */,
			);
			runOnlyForDeploymentPostprocessing = 0;
		};
/* End PBXSourcesBuildPhase section */

/* Begin PBXTargetDependency section */
		4C166756236F39B6006948B0 /* PBXTargetDependency */ = {
			isa = PBXTargetDependency;
			target = 4C16674A236F39B6006948B0 /* EssentialFeediOS */;
			targetProxy = 4C166755236F39B6006948B0 /* PBXContainerItemProxy */;
		};
		4C3108AC235DEFB9008215CC /* PBXTargetDependency */ = {
			isa = PBXTargetDependency;
			target = 4C5C377022639C440006AFB1 /* EssentialFeed */;
			targetProxy = 4C3108AB235DEFB9008215CC /* PBXContainerItemProxy */;
		};
		4C5C377D22639C440006AFB1 /* PBXTargetDependency */ = {
			isa = PBXTargetDependency;
			target = 4C5C377022639C440006AFB1 /* EssentialFeed */;
			targetProxy = 4C5C377C22639C440006AFB1 /* PBXContainerItemProxy */;
		};
		4CFADFCC22B564D00042321B /* PBXTargetDependency */ = {
			isa = PBXTargetDependency;
			target = 4C5C377022639C440006AFB1 /* EssentialFeed */;
			targetProxy = 4CFADFCB22B564D00042321B /* PBXContainerItemProxy */;
		};
		4CFB2B1323732D25004673F8 /* PBXTargetDependency */ = {
			isa = PBXTargetDependency;
			platformFilter = ios;
			target = 4C5C377022639C440006AFB1 /* EssentialFeed */;
			targetProxy = 4CFB2B1223732D25004673F8 /* PBXContainerItemProxy */;
		};
/* End PBXTargetDependency section */

/* Begin PBXVariantGroup section */
		4CE504AB23BE2BED0077C27A /* Feed.strings */ = {
			isa = PBXVariantGroup;
			children = (
				4CE504AA23BE2BED0077C27A /* en */,
				4CE504AC23BE2C460077C27A /* pt-BR */,
				4CE504AD23BE2C930077C27A /* el */,
			);
			name = Feed.strings;
			sourceTree = "<group>";
		};
/* End PBXVariantGroup section */

/* Begin XCBuildConfiguration section */
		4C16675D236F39B6006948B0 /* Debug */ = {
			isa = XCBuildConfiguration;
			buildSettings = {
				CLANG_ENABLE_MODULES = YES;
				CODE_SIGN_STYLE = Automatic;
				DEFINES_MODULE = YES;
				DEVELOPMENT_TEAM = 84VDFSM8R5;
				DYLIB_COMPATIBILITY_VERSION = 1;
				DYLIB_CURRENT_VERSION = 1;
				DYLIB_INSTALL_NAME_BASE = "@rpath";
				INFOPLIST_FILE = EssentialFeediOS/Info.plist;
				INSTALL_PATH = "$(LOCAL_LIBRARY_DIR)/Frameworks";
				IPHONEOS_DEPLOYMENT_TARGET = 13.2;
				LD_RUNPATH_SEARCH_PATHS = (
					"$(inherited)",
					"@executable_path/Frameworks",
					"@loader_path/Frameworks",
				);
				PRODUCT_BUNDLE_IDENTIFIER = com.sevdev.EssentialFeediOS;
				PRODUCT_NAME = "$(TARGET_NAME:c99extidentifier)";
				SDKROOT = iphoneos;
				SKIP_INSTALL = YES;
				SUPPORTS_MACCATALYST = YES;
				SWIFT_OPTIMIZATION_LEVEL = "-Onone";
				SWIFT_VERSION = 5.0;
				TARGETED_DEVICE_FAMILY = "1,2";
			};
			name = Debug;
		};
		4C16675E236F39B6006948B0 /* Release */ = {
			isa = XCBuildConfiguration;
			buildSettings = {
				CLANG_ENABLE_MODULES = YES;
				CODE_SIGN_STYLE = Automatic;
				DEFINES_MODULE = YES;
				DEVELOPMENT_TEAM = 84VDFSM8R5;
				DYLIB_COMPATIBILITY_VERSION = 1;
				DYLIB_CURRENT_VERSION = 1;
				DYLIB_INSTALL_NAME_BASE = "@rpath";
				INFOPLIST_FILE = EssentialFeediOS/Info.plist;
				INSTALL_PATH = "$(LOCAL_LIBRARY_DIR)/Frameworks";
				IPHONEOS_DEPLOYMENT_TARGET = 13.2;
				LD_RUNPATH_SEARCH_PATHS = (
					"$(inherited)",
					"@executable_path/Frameworks",
					"@loader_path/Frameworks",
				);
				PRODUCT_BUNDLE_IDENTIFIER = com.sevdev.EssentialFeediOS;
				PRODUCT_NAME = "$(TARGET_NAME:c99extidentifier)";
				SDKROOT = iphoneos;
				SKIP_INSTALL = YES;
				SUPPORTS_MACCATALYST = YES;
				SWIFT_VERSION = 5.0;
				TARGETED_DEVICE_FAMILY = "1,2";
				VALIDATE_PRODUCT = YES;
			};
			name = Release;
		};
		4C166760236F39B6006948B0 /* Debug */ = {
			isa = XCBuildConfiguration;
			buildSettings = {
				ALWAYS_EMBED_SWIFT_STANDARD_LIBRARIES = YES;
				CLANG_ENABLE_MODULES = YES;
				CODE_SIGN_STYLE = Automatic;
				DEVELOPMENT_TEAM = 84VDFSM8R5;
				INFOPLIST_FILE = EssentialFeediOSTests/Info.plist;
				IPHONEOS_DEPLOYMENT_TARGET = 13.2;
				LD_RUNPATH_SEARCH_PATHS = (
					"$(inherited)",
					"@executable_path/Frameworks",
					"@loader_path/Frameworks",
				);
				PRODUCT_BUNDLE_IDENTIFIER = com.sevdev.EssentialFeediOSTests;
				PRODUCT_NAME = "$(TARGET_NAME)";
				SDKROOT = iphoneos;
				SWIFT_OPTIMIZATION_LEVEL = "-Onone";
				SWIFT_VERSION = 5.0;
				TARGETED_DEVICE_FAMILY = "1,2";
			};
			name = Debug;
		};
		4C166761236F39B6006948B0 /* Release */ = {
			isa = XCBuildConfiguration;
			buildSettings = {
				ALWAYS_EMBED_SWIFT_STANDARD_LIBRARIES = YES;
				CLANG_ENABLE_MODULES = YES;
				CODE_SIGN_STYLE = Automatic;
				DEVELOPMENT_TEAM = 84VDFSM8R5;
				INFOPLIST_FILE = EssentialFeediOSTests/Info.plist;
				IPHONEOS_DEPLOYMENT_TARGET = 13.2;
				LD_RUNPATH_SEARCH_PATHS = (
					"$(inherited)",
					"@executable_path/Frameworks",
					"@loader_path/Frameworks",
				);
				PRODUCT_BUNDLE_IDENTIFIER = com.sevdev.EssentialFeediOSTests;
				PRODUCT_NAME = "$(TARGET_NAME)";
				SDKROOT = iphoneos;
				SWIFT_VERSION = 5.0;
				TARGETED_DEVICE_FAMILY = "1,2";
				VALIDATE_PRODUCT = YES;
			};
			name = Release;
		};
		4C3108AD235DEFB9008215CC /* Debug */ = {
			isa = XCBuildConfiguration;
			buildSettings = {
				CODE_SIGN_STYLE = Automatic;
				COMBINE_HIDPI_IMAGES = YES;
				DEVELOPMENT_TEAM = 84VDFSM8R5;
				INFOPLIST_FILE = EssentialFeedCacheIntegrationTests/Info.plist;
				IPHONEOS_DEPLOYMENT_TARGET = 13.2;
				LD_RUNPATH_SEARCH_PATHS = (
					"$(inherited)",
					"@executable_path/../Frameworks",
					"@loader_path/../Frameworks",
				);
				MACOSX_DEPLOYMENT_TARGET = 10.15;
				PRODUCT_BUNDLE_IDENTIFIER = com.sevdev.EssentialFeedCacheIntegrationTests;
				PRODUCT_NAME = "$(TARGET_NAME)";
				SUPPORTED_PLATFORMS = "macosx iphoneos iphonesimulator";
				SWIFT_VERSION = 5.0;
			};
			name = Debug;
		};
		4C3108AE235DEFB9008215CC /* Release */ = {
			isa = XCBuildConfiguration;
			buildSettings = {
				CODE_SIGN_STYLE = Automatic;
				COMBINE_HIDPI_IMAGES = YES;
				DEVELOPMENT_TEAM = 84VDFSM8R5;
				INFOPLIST_FILE = EssentialFeedCacheIntegrationTests/Info.plist;
				IPHONEOS_DEPLOYMENT_TARGET = 13.2;
				LD_RUNPATH_SEARCH_PATHS = (
					"$(inherited)",
					"@executable_path/../Frameworks",
					"@loader_path/../Frameworks",
				);
				MACOSX_DEPLOYMENT_TARGET = 10.15;
				PRODUCT_BUNDLE_IDENTIFIER = com.sevdev.EssentialFeedCacheIntegrationTests;
				PRODUCT_NAME = "$(TARGET_NAME)";
				SUPPORTED_PLATFORMS = "macosx iphoneos iphonesimulator";
				SWIFT_VERSION = 5.0;
			};
			name = Release;
		};
		4C5C378322639C440006AFB1 /* Debug */ = {
			isa = XCBuildConfiguration;
			buildSettings = {
				ALWAYS_SEARCH_USER_PATHS = NO;
				CLANG_ANALYZER_LOCALIZABILITY_NONLOCALIZED = YES;
				CLANG_ANALYZER_NONNULL = YES;
				CLANG_ANALYZER_NUMBER_OBJECT_CONVERSION = YES_AGGRESSIVE;
				CLANG_CXX_LANGUAGE_STANDARD = "gnu++14";
				CLANG_CXX_LIBRARY = "libc++";
				CLANG_ENABLE_MODULES = YES;
				CLANG_ENABLE_OBJC_ARC = YES;
				CLANG_ENABLE_OBJC_WEAK = YES;
				CLANG_WARN_BLOCK_CAPTURE_AUTORELEASING = YES;
				CLANG_WARN_BOOL_CONVERSION = YES;
				CLANG_WARN_COMMA = YES;
				CLANG_WARN_CONSTANT_CONVERSION = YES;
				CLANG_WARN_DEPRECATED_OBJC_IMPLEMENTATIONS = YES;
				CLANG_WARN_DIRECT_OBJC_ISA_USAGE = YES_ERROR;
				CLANG_WARN_DOCUMENTATION_COMMENTS = YES;
				CLANG_WARN_EMPTY_BODY = YES;
				CLANG_WARN_ENUM_CONVERSION = YES;
				CLANG_WARN_INFINITE_RECURSION = YES;
				CLANG_WARN_INT_CONVERSION = YES;
				CLANG_WARN_NON_LITERAL_NULL_CONVERSION = YES;
				CLANG_WARN_OBJC_IMPLICIT_RETAIN_SELF = YES;
				CLANG_WARN_OBJC_LITERAL_CONVERSION = YES;
				CLANG_WARN_OBJC_ROOT_CLASS = YES_ERROR;
				CLANG_WARN_RANGE_LOOP_ANALYSIS = YES;
				CLANG_WARN_STRICT_PROTOTYPES = YES;
				CLANG_WARN_SUSPICIOUS_MOVE = YES;
				CLANG_WARN_UNGUARDED_AVAILABILITY = YES_AGGRESSIVE;
				CLANG_WARN_UNREACHABLE_CODE = YES;
				CLANG_WARN__DUPLICATE_METHOD_MATCH = YES;
				CODE_SIGN_IDENTITY = "Mac Developer";
				COPY_PHASE_STRIP = NO;
				CURRENT_PROJECT_VERSION = 1;
				DEBUG_INFORMATION_FORMAT = dwarf;
				ENABLE_STRICT_OBJC_MSGSEND = YES;
				ENABLE_TESTABILITY = YES;
				GCC_C_LANGUAGE_STANDARD = gnu11;
				GCC_DYNAMIC_NO_PIC = NO;
				GCC_NO_COMMON_BLOCKS = YES;
				GCC_OPTIMIZATION_LEVEL = 0;
				GCC_PREPROCESSOR_DEFINITIONS = (
					"DEBUG=1",
					"$(inherited)",
				);
				GCC_WARN_64_TO_32_BIT_CONVERSION = YES;
				GCC_WARN_ABOUT_RETURN_TYPE = YES_ERROR;
				GCC_WARN_UNDECLARED_SELECTOR = YES;
				GCC_WARN_UNINITIALIZED_AUTOS = YES_AGGRESSIVE;
				GCC_WARN_UNUSED_FUNCTION = YES;
				GCC_WARN_UNUSED_VARIABLE = YES;
				MACOSX_DEPLOYMENT_TARGET = 10.14;
				MTL_ENABLE_DEBUG_INFO = INCLUDE_SOURCE;
				MTL_FAST_MATH = YES;
				ONLY_ACTIVE_ARCH = YES;
				SDKROOT = macosx;
				SWIFT_ACTIVE_COMPILATION_CONDITIONS = DEBUG;
				SWIFT_OPTIMIZATION_LEVEL = "-Onone";
				SWIFT_VERSION = 5.0;
				VERSIONING_SYSTEM = "apple-generic";
				VERSION_INFO_PREFIX = "";
			};
			name = Debug;
		};
		4C5C378422639C440006AFB1 /* Release */ = {
			isa = XCBuildConfiguration;
			buildSettings = {
				ALWAYS_SEARCH_USER_PATHS = NO;
				CLANG_ANALYZER_LOCALIZABILITY_NONLOCALIZED = YES;
				CLANG_ANALYZER_NONNULL = YES;
				CLANG_ANALYZER_NUMBER_OBJECT_CONVERSION = YES_AGGRESSIVE;
				CLANG_CXX_LANGUAGE_STANDARD = "gnu++14";
				CLANG_CXX_LIBRARY = "libc++";
				CLANG_ENABLE_MODULES = YES;
				CLANG_ENABLE_OBJC_ARC = YES;
				CLANG_ENABLE_OBJC_WEAK = YES;
				CLANG_WARN_BLOCK_CAPTURE_AUTORELEASING = YES;
				CLANG_WARN_BOOL_CONVERSION = YES;
				CLANG_WARN_COMMA = YES;
				CLANG_WARN_CONSTANT_CONVERSION = YES;
				CLANG_WARN_DEPRECATED_OBJC_IMPLEMENTATIONS = YES;
				CLANG_WARN_DIRECT_OBJC_ISA_USAGE = YES_ERROR;
				CLANG_WARN_DOCUMENTATION_COMMENTS = YES;
				CLANG_WARN_EMPTY_BODY = YES;
				CLANG_WARN_ENUM_CONVERSION = YES;
				CLANG_WARN_INFINITE_RECURSION = YES;
				CLANG_WARN_INT_CONVERSION = YES;
				CLANG_WARN_NON_LITERAL_NULL_CONVERSION = YES;
				CLANG_WARN_OBJC_IMPLICIT_RETAIN_SELF = YES;
				CLANG_WARN_OBJC_LITERAL_CONVERSION = YES;
				CLANG_WARN_OBJC_ROOT_CLASS = YES_ERROR;
				CLANG_WARN_RANGE_LOOP_ANALYSIS = YES;
				CLANG_WARN_STRICT_PROTOTYPES = YES;
				CLANG_WARN_SUSPICIOUS_MOVE = YES;
				CLANG_WARN_UNGUARDED_AVAILABILITY = YES_AGGRESSIVE;
				CLANG_WARN_UNREACHABLE_CODE = YES;
				CLANG_WARN__DUPLICATE_METHOD_MATCH = YES;
				CODE_SIGN_IDENTITY = "Mac Developer";
				COPY_PHASE_STRIP = NO;
				CURRENT_PROJECT_VERSION = 1;
				DEBUG_INFORMATION_FORMAT = "dwarf-with-dsym";
				ENABLE_NS_ASSERTIONS = NO;
				ENABLE_STRICT_OBJC_MSGSEND = YES;
				GCC_C_LANGUAGE_STANDARD = gnu11;
				GCC_NO_COMMON_BLOCKS = YES;
				GCC_WARN_64_TO_32_BIT_CONVERSION = YES;
				GCC_WARN_ABOUT_RETURN_TYPE = YES_ERROR;
				GCC_WARN_UNDECLARED_SELECTOR = YES;
				GCC_WARN_UNINITIALIZED_AUTOS = YES_AGGRESSIVE;
				GCC_WARN_UNUSED_FUNCTION = YES;
				GCC_WARN_UNUSED_VARIABLE = YES;
				MACOSX_DEPLOYMENT_TARGET = 10.14;
				MTL_ENABLE_DEBUG_INFO = NO;
				MTL_FAST_MATH = YES;
				SDKROOT = macosx;
				SWIFT_COMPILATION_MODE = wholemodule;
				SWIFT_OPTIMIZATION_LEVEL = "-O";
				SWIFT_VERSION = 5.0;
				VERSIONING_SYSTEM = "apple-generic";
				VERSION_INFO_PREFIX = "";
			};
			name = Release;
		};
		4C5C378622639C440006AFB1 /* Debug */ = {
			isa = XCBuildConfiguration;
			buildSettings = {
				CLANG_ENABLE_MODULES = YES;
				CODE_SIGN_IDENTITY = "";
				CODE_SIGN_STYLE = Automatic;
				COMBINE_HIDPI_IMAGES = YES;
				DEFINES_MODULE = YES;
				DERIVE_MACCATALYST_PRODUCT_BUNDLE_IDENTIFIER = NO;
				DEVELOPMENT_TEAM = 84VDFSM8R5;
				DYLIB_COMPATIBILITY_VERSION = 1;
				DYLIB_CURRENT_VERSION = 1;
				DYLIB_INSTALL_NAME_BASE = "@rpath";
				FRAMEWORK_VERSION = A;
				INFOPLIST_FILE = EssentialFeed/Info.plist;
				INSTALL_PATH = "$(LOCAL_LIBRARY_DIR)/Frameworks";
				IPHONEOS_DEPLOYMENT_TARGET = 13.2;
				LD_RUNPATH_SEARCH_PATHS = (
					"$(inherited)",
					"@executable_path/../Frameworks",
					"@loader_path/Frameworks",
				);
				PRODUCT_BUNDLE_IDENTIFIER = com.sevdev.EssentialFeed;
				PRODUCT_NAME = "$(TARGET_NAME:c99extidentifier)";
				SKIP_INSTALL = YES;
				SUPPORTED_PLATFORMS = "macosx iphoneos iphonesimulator";
				SUPPORTS_MACCATALYST = NO;
				SWIFT_OPTIMIZATION_LEVEL = "-Onone";
				SWIFT_VERSION = 5.0;
			};
			name = Debug;
		};
		4C5C378722639C440006AFB1 /* Release */ = {
			isa = XCBuildConfiguration;
			buildSettings = {
				CLANG_ENABLE_MODULES = YES;
				CODE_SIGN_IDENTITY = "";
				CODE_SIGN_STYLE = Automatic;
				COMBINE_HIDPI_IMAGES = YES;
				DEFINES_MODULE = YES;
				DERIVE_MACCATALYST_PRODUCT_BUNDLE_IDENTIFIER = NO;
				DEVELOPMENT_TEAM = 84VDFSM8R5;
				DYLIB_COMPATIBILITY_VERSION = 1;
				DYLIB_CURRENT_VERSION = 1;
				DYLIB_INSTALL_NAME_BASE = "@rpath";
				FRAMEWORK_VERSION = A;
				INFOPLIST_FILE = EssentialFeed/Info.plist;
				INSTALL_PATH = "$(LOCAL_LIBRARY_DIR)/Frameworks";
				IPHONEOS_DEPLOYMENT_TARGET = 13.2;
				LD_RUNPATH_SEARCH_PATHS = (
					"$(inherited)",
					"@executable_path/../Frameworks",
					"@loader_path/Frameworks",
				);
				PRODUCT_BUNDLE_IDENTIFIER = com.sevdev.EssentialFeed;
				PRODUCT_NAME = "$(TARGET_NAME:c99extidentifier)";
				SKIP_INSTALL = YES;
				SUPPORTED_PLATFORMS = "macosx iphoneos iphonesimulator";
				SUPPORTS_MACCATALYST = NO;
				SWIFT_VERSION = 5.0;
			};
			name = Release;
		};
		4C5C378922639C440006AFB1 /* Debug */ = {
			isa = XCBuildConfiguration;
			buildSettings = {
				ALWAYS_EMBED_SWIFT_STANDARD_LIBRARIES = YES;
				CODE_SIGN_STYLE = Automatic;
				COMBINE_HIDPI_IMAGES = YES;
				DEVELOPMENT_TEAM = 84VDFSM8R5;
				INFOPLIST_FILE = EssentialFeedTests/Info.plist;
				IPHONEOS_DEPLOYMENT_TARGET = 13.2;
				LD_RUNPATH_SEARCH_PATHS = (
					"$(inherited)",
					"@executable_path/../Frameworks",
					"@loader_path/../Frameworks",
				);
				PRODUCT_BUNDLE_IDENTIFIER = com.sevdev.EssentialFeedTests;
				PRODUCT_NAME = "$(TARGET_NAME)";
				SUPPORTED_PLATFORMS = "macosx iphoneos iphonesimulator";
				SWIFT_VERSION = 5.0;
			};
			name = Debug;
		};
		4C5C378A22639C440006AFB1 /* Release */ = {
			isa = XCBuildConfiguration;
			buildSettings = {
				ALWAYS_EMBED_SWIFT_STANDARD_LIBRARIES = YES;
				CODE_SIGN_STYLE = Automatic;
				COMBINE_HIDPI_IMAGES = YES;
				DEVELOPMENT_TEAM = 84VDFSM8R5;
				INFOPLIST_FILE = EssentialFeedTests/Info.plist;
				IPHONEOS_DEPLOYMENT_TARGET = 13.2;
				LD_RUNPATH_SEARCH_PATHS = (
					"$(inherited)",
					"@executable_path/../Frameworks",
					"@loader_path/../Frameworks",
				);
				PRODUCT_BUNDLE_IDENTIFIER = com.sevdev.EssentialFeedTests;
				PRODUCT_NAME = "$(TARGET_NAME)";
				SUPPORTED_PLATFORMS = "macosx iphoneos iphonesimulator";
				SWIFT_VERSION = 5.0;
			};
			name = Release;
		};
		4CFADFCD22B564D00042321B /* Debug */ = {
			isa = XCBuildConfiguration;
			buildSettings = {
				CODE_SIGN_STYLE = Automatic;
				COMBINE_HIDPI_IMAGES = YES;
				DEVELOPMENT_TEAM = 84VDFSM8R5;
				INFOPLIST_FILE = EssentialFeedAPIEndToEndTests/Info.plist;
				IPHONEOS_DEPLOYMENT_TARGET = 13.2;
				LD_RUNPATH_SEARCH_PATHS = (
					"$(inherited)",
					"@executable_path/../Frameworks",
					"@loader_path/../Frameworks",
				);
				PRODUCT_BUNDLE_IDENTIFIER = com.sevdev.EssentialFeedAPIEndToEndTests;
				PRODUCT_NAME = "$(TARGET_NAME)";
				SUPPORTED_PLATFORMS = "macosx iphoneos iphonesimulator";
				SWIFT_VERSION = 5.0;
			};
			name = Debug;
		};
		4CFADFCE22B564D00042321B /* Release */ = {
			isa = XCBuildConfiguration;
			buildSettings = {
				CODE_SIGN_STYLE = Automatic;
				COMBINE_HIDPI_IMAGES = YES;
				DEVELOPMENT_TEAM = 84VDFSM8R5;
				INFOPLIST_FILE = EssentialFeedAPIEndToEndTests/Info.plist;
				IPHONEOS_DEPLOYMENT_TARGET = 13.2;
				LD_RUNPATH_SEARCH_PATHS = (
					"$(inherited)",
					"@executable_path/../Frameworks",
					"@loader_path/../Frameworks",
				);
				PRODUCT_BUNDLE_IDENTIFIER = com.sevdev.EssentialFeedAPIEndToEndTests;
				PRODUCT_NAME = "$(TARGET_NAME)";
				SUPPORTED_PLATFORMS = "macosx iphoneos iphonesimulator";
				SWIFT_VERSION = 5.0;
			};
			name = Release;
		};
/* End XCBuildConfiguration section */

/* Begin XCConfigurationList section */
		4C16675C236F39B6006948B0 /* Build configuration list for PBXNativeTarget "EssentialFeediOS" */ = {
			isa = XCConfigurationList;
			buildConfigurations = (
				4C16675D236F39B6006948B0 /* Debug */,
				4C16675E236F39B6006948B0 /* Release */,
			);
			defaultConfigurationIsVisible = 0;
			defaultConfigurationName = Release;
		};
		4C16675F236F39B6006948B0 /* Build configuration list for PBXNativeTarget "EssentialFeediOSTests" */ = {
			isa = XCConfigurationList;
			buildConfigurations = (
				4C166760236F39B6006948B0 /* Debug */,
				4C166761236F39B6006948B0 /* Release */,
			);
			defaultConfigurationIsVisible = 0;
			defaultConfigurationName = Release;
		};
		4C3108AF235DEFB9008215CC /* Build configuration list for PBXNativeTarget "EssentialFeedCacheIntegrationTests" */ = {
			isa = XCConfigurationList;
			buildConfigurations = (
				4C3108AD235DEFB9008215CC /* Debug */,
				4C3108AE235DEFB9008215CC /* Release */,
			);
			defaultConfigurationIsVisible = 0;
			defaultConfigurationName = Release;
		};
		4C5C376B22639C440006AFB1 /* Build configuration list for PBXProject "EssentialFeed" */ = {
			isa = XCConfigurationList;
			buildConfigurations = (
				4C5C378322639C440006AFB1 /* Debug */,
				4C5C378422639C440006AFB1 /* Release */,
			);
			defaultConfigurationIsVisible = 0;
			defaultConfigurationName = Release;
		};
		4C5C378522639C440006AFB1 /* Build configuration list for PBXNativeTarget "EssentialFeed" */ = {
			isa = XCConfigurationList;
			buildConfigurations = (
				4C5C378622639C440006AFB1 /* Debug */,
				4C5C378722639C440006AFB1 /* Release */,
			);
			defaultConfigurationIsVisible = 0;
			defaultConfigurationName = Release;
		};
		4C5C378822639C440006AFB1 /* Build configuration list for PBXNativeTarget "EssentialFeedTests" */ = {
			isa = XCConfigurationList;
			buildConfigurations = (
				4C5C378922639C440006AFB1 /* Debug */,
				4C5C378A22639C440006AFB1 /* Release */,
			);
			defaultConfigurationIsVisible = 0;
			defaultConfigurationName = Release;
		};
		4CFADFCF22B564D00042321B /* Build configuration list for PBXNativeTarget "EssentialFeedAPIEndToEndTests" */ = {
			isa = XCConfigurationList;
			buildConfigurations = (
				4CFADFCD22B564D00042321B /* Debug */,
				4CFADFCE22B564D00042321B /* Release */,
			);
			defaultConfigurationIsVisible = 0;
			defaultConfigurationName = Release;
		};
/* End XCConfigurationList section */

/* Begin XCVersionGroup section */
		4C571E552348D06E005E1BEA /* FeedStore.xcdatamodeld */ = {
			isa = XCVersionGroup;
			children = (
				4C571E562348D06E005E1BEA /* FeedStore.xcdatamodel */,
			);
			currentVersion = 4C571E562348D06E005E1BEA /* FeedStore.xcdatamodel */;
			path = FeedStore.xcdatamodeld;
			sourceTree = "<group>";
			versionGroupType = wrapper.xcdatamodel;
		};
/* End XCVersionGroup section */
	};
	rootObject = 4C5C376822639C440006AFB1 /* Project object */;
}
