// !$*UTF8*$!
{
	archiveVersion = 1;
	classes = {
	};
	objectVersion = 50;
	objects = {

/* Begin PBXBuildFile section */
		4C2AE4AA2412951D003F65F7 /* FeedLoaderStub.swift in Sources */ = {isa = PBXBuildFile; fileRef = 4C2AE4A92412951D003F65F7 /* FeedLoaderStub.swift */; };
		4C2AE4AC2412969A003F65F7 /* XCTestCase+FeedLoader.swift in Sources */ = {isa = PBXBuildFile; fileRef = 4C2AE4AB2412969A003F65F7 /* XCTestCase+FeedLoader.swift */; };
		4C2AE4B02412AEEA003F65F7 /* FeedLoaderCacheDecorator.swift in Sources */ = {isa = PBXBuildFile; fileRef = 4C2AE4AF2412AEEA003F65F7 /* FeedLoaderCacheDecorator.swift */; };
		4C4262882408393C00AE1FE8 /* FeedLoaderWithFallbackComposite.swift in Sources */ = {isa = PBXBuildFile; fileRef = 4C4262872408393C00AE1FE8 /* FeedLoaderWithFallbackComposite.swift */; };
		4C42628A24083A3400AE1FE8 /* ViewController.swift in Sources */ = {isa = PBXBuildFile; fileRef = 4C42628924083A3400AE1FE8 /* ViewController.swift */; };
		4C42628C24083AE000AE1FE8 /* FeedImageDataLoaderWithFallbackComposite.swift in Sources */ = {isa = PBXBuildFile; fileRef = 4C42628B24083AE000AE1FE8 /* FeedImageDataLoaderWithFallbackComposite.swift */; };
		4C42628E24083D7100AE1FE8 /* FeedImageDataLoaderWithFallbackCompositeTests.swift in Sources */ = {isa = PBXBuildFile; fileRef = 4C42628D24083D7100AE1FE8 /* FeedImageDataLoaderWithFallbackCompositeTests.swift */; };
		4C4262912408445C00AE1FE8 /* XCTestCase+MemoryLeakTracking.swift in Sources */ = {isa = PBXBuildFile; fileRef = 4C4262902408445C00AE1FE8 /* XCTestCase+MemoryLeakTracking.swift */; };
		4C426293240844EB00AE1FE8 /* SharedTestHelpers.swift in Sources */ = {isa = PBXBuildFile; fileRef = 4C426292240844EB00AE1FE8 /* SharedTestHelpers.swift */; };
		4C76C276241285F400C3C52C /* FeedLoaderCacheDecoratorTests.swift in Sources */ = {isa = PBXBuildFile; fileRef = 4C76C275241285F400C3C52C /* FeedLoaderCacheDecoratorTests.swift */; };
		4C9137C32402CD6F000D18D0 /* AppDelegate.swift in Sources */ = {isa = PBXBuildFile; fileRef = 4C9137C22402CD6F000D18D0 /* AppDelegate.swift */; };
		4C9137C52402CD6F000D18D0 /* SceneDelegate.swift in Sources */ = {isa = PBXBuildFile; fileRef = 4C9137C42402CD6F000D18D0 /* SceneDelegate.swift */; };
		4C9137CA2402CD6F000D18D0 /* Main.storyboard in Resources */ = {isa = PBXBuildFile; fileRef = 4C9137C82402CD6F000D18D0 /* Main.storyboard */; };
		4C9137CC2402CD70000D18D0 /* Assets.xcassets in Resources */ = {isa = PBXBuildFile; fileRef = 4C9137CB2402CD70000D18D0 /* Assets.xcassets */; };
		4C9137CF2402CD70000D18D0 /* LaunchScreen.storyboard in Resources */ = {isa = PBXBuildFile; fileRef = 4C9137CD2402CD70000D18D0 /* LaunchScreen.storyboard */; };
		4C9137E72402D442000D18D0 /* EssentialFeed.framework in Frameworks */ = {isa = PBXBuildFile; fileRef = 4C9137E52402D442000D18D0 /* EssentialFeed.framework */; };
		4C9137E82402D442000D18D0 /* EssentialFeed.framework in Embed Frameworks */ = {isa = PBXBuildFile; fileRef = 4C9137E52402D442000D18D0 /* EssentialFeed.framework */; settings = {ATTRIBUTES = (CodeSignOnCopy, RemoveHeadersOnCopy, ); }; };
		4C9137E92402D442000D18D0 /* EssentialFeediOS.framework in Frameworks */ = {isa = PBXBuildFile; fileRef = 4C9137E62402D442000D18D0 /* EssentialFeediOS.framework */; };
		4C9137EA2402D442000D18D0 /* EssentialFeediOS.framework in Embed Frameworks */ = {isa = PBXBuildFile; fileRef = 4C9137E62402D442000D18D0 /* EssentialFeediOS.framework */; settings = {ATTRIBUTES = (CodeSignOnCopy, RemoveHeadersOnCopy, ); }; };
		4C9137ED24057F5F000D18D0 /* FeedLoaderWithFallbackCompositeTests.swift in Sources */ = {isa = PBXBuildFile; fileRef = 4C9137EC24057F5F000D18D0 /* FeedLoaderWithFallbackCompositeTests.swift */; };
/* End PBXBuildFile section */

/* Begin PBXContainerItemProxy section */
		4C9137D62402CD70000D18D0 /* PBXContainerItemProxy */ = {
			isa = PBXContainerItemProxy;
			containerPortal = 4C9137B72402CD6E000D18D0 /* Project object */;
			proxyType = 1;
			remoteGlobalIDString = 4C9137BE2402CD6F000D18D0;
			remoteInfo = EssentialApp;
		};
/* End PBXContainerItemProxy section */

/* Begin PBXCopyFilesBuildPhase section */
		4C9137EB2402D442000D18D0 /* Embed Frameworks */ = {
			isa = PBXCopyFilesBuildPhase;
			buildActionMask = 2147483647;
			dstPath = "";
			dstSubfolderSpec = 10;
			files = (
				4C9137E82402D442000D18D0 /* EssentialFeed.framework in Embed Frameworks */,
				4C9137EA2402D442000D18D0 /* EssentialFeediOS.framework in Embed Frameworks */,
			);
			name = "Embed Frameworks";
			runOnlyForDeploymentPostprocessing = 0;
		};
/* End PBXCopyFilesBuildPhase section */

/* Begin PBXFileReference section */
		4C2AE4A92412951D003F65F7 /* FeedLoaderStub.swift */ = {isa = PBXFileReference; lastKnownFileType = sourcecode.swift; path = FeedLoaderStub.swift; sourceTree = "<group>"; };
		4C2AE4AB2412969A003F65F7 /* XCTestCase+FeedLoader.swift */ = {isa = PBXFileReference; lastKnownFileType = sourcecode.swift; path = "XCTestCase+FeedLoader.swift"; sourceTree = "<group>"; };
		4C2AE4AF2412AEEA003F65F7 /* FeedLoaderCacheDecorator.swift */ = {isa = PBXFileReference; lastKnownFileType = sourcecode.swift; path = FeedLoaderCacheDecorator.swift; sourceTree = "<group>"; };
		4C4262872408393C00AE1FE8 /* FeedLoaderWithFallbackComposite.swift */ = {isa = PBXFileReference; lastKnownFileType = sourcecode.swift; path = FeedLoaderWithFallbackComposite.swift; sourceTree = "<group>"; };
		4C42628924083A3400AE1FE8 /* ViewController.swift */ = {isa = PBXFileReference; fileEncoding = 4; lastKnownFileType = sourcecode.swift; path = ViewController.swift; sourceTree = "<group>"; };
		4C42628B24083AE000AE1FE8 /* FeedImageDataLoaderWithFallbackComposite.swift */ = {isa = PBXFileReference; lastKnownFileType = sourcecode.swift; path = FeedImageDataLoaderWithFallbackComposite.swift; sourceTree = "<group>"; };
		4C42628D24083D7100AE1FE8 /* FeedImageDataLoaderWithFallbackCompositeTests.swift */ = {isa = PBXFileReference; lastKnownFileType = sourcecode.swift; path = FeedImageDataLoaderWithFallbackCompositeTests.swift; sourceTree = "<group>"; };
		4C4262902408445C00AE1FE8 /* XCTestCase+MemoryLeakTracking.swift */ = {isa = PBXFileReference; lastKnownFileType = sourcecode.swift; path = "XCTestCase+MemoryLeakTracking.swift"; sourceTree = "<group>"; };
		4C426292240844EB00AE1FE8 /* SharedTestHelpers.swift */ = {isa = PBXFileReference; lastKnownFileType = sourcecode.swift; path = SharedTestHelpers.swift; sourceTree = "<group>"; };
		4C76C275241285F400C3C52C /* FeedLoaderCacheDecoratorTests.swift */ = {isa = PBXFileReference; lastKnownFileType = sourcecode.swift; path = FeedLoaderCacheDecoratorTests.swift; sourceTree = "<group>"; };
		4C9137BF2402CD6F000D18D0 /* EssentialApp.app */ = {isa = PBXFileReference; explicitFileType = wrapper.application; includeInIndex = 0; path = EssentialApp.app; sourceTree = BUILT_PRODUCTS_DIR; };
		4C9137C22402CD6F000D18D0 /* AppDelegate.swift */ = {isa = PBXFileReference; lastKnownFileType = sourcecode.swift; path = AppDelegate.swift; sourceTree = "<group>"; };
		4C9137C42402CD6F000D18D0 /* SceneDelegate.swift */ = {isa = PBXFileReference; lastKnownFileType = sourcecode.swift; path = SceneDelegate.swift; sourceTree = "<group>"; };
		4C9137C92402CD6F000D18D0 /* Base */ = {isa = PBXFileReference; lastKnownFileType = file.storyboard; name = Base; path = Base.lproj/Main.storyboard; sourceTree = "<group>"; };
		4C9137CB2402CD70000D18D0 /* Assets.xcassets */ = {isa = PBXFileReference; lastKnownFileType = folder.assetcatalog; path = Assets.xcassets; sourceTree = "<group>"; };
		4C9137CE2402CD70000D18D0 /* Base */ = {isa = PBXFileReference; lastKnownFileType = file.storyboard; name = Base; path = Base.lproj/LaunchScreen.storyboard; sourceTree = "<group>"; };
		4C9137D02402CD70000D18D0 /* Info.plist */ = {isa = PBXFileReference; lastKnownFileType = text.plist.xml; path = Info.plist; sourceTree = "<group>"; };
		4C9137D52402CD70000D18D0 /* EssentialAppTests.xctest */ = {isa = PBXFileReference; explicitFileType = wrapper.cfbundle; includeInIndex = 0; path = EssentialAppTests.xctest; sourceTree = BUILT_PRODUCTS_DIR; };
		4C9137DB2402CD70000D18D0 /* Info.plist */ = {isa = PBXFileReference; lastKnownFileType = text.plist.xml; path = Info.plist; sourceTree = "<group>"; };
		4C9137E52402D442000D18D0 /* EssentialFeed.framework */ = {isa = PBXFileReference; explicitFileType = wrapper.framework; path = EssentialFeed.framework; sourceTree = BUILT_PRODUCTS_DIR; };
		4C9137E62402D442000D18D0 /* EssentialFeediOS.framework */ = {isa = PBXFileReference; explicitFileType = wrapper.framework; path = EssentialFeediOS.framework; sourceTree = BUILT_PRODUCTS_DIR; };
		4C9137EC24057F5F000D18D0 /* FeedLoaderWithFallbackCompositeTests.swift */ = {isa = PBXFileReference; lastKnownFileType = sourcecode.swift; path = FeedLoaderWithFallbackCompositeTests.swift; sourceTree = "<group>"; };
/* End PBXFileReference section */

/* Begin PBXFrameworksBuildPhase section */
		4C9137BC2402CD6F000D18D0 /* Frameworks */ = {
			isa = PBXFrameworksBuildPhase;
			buildActionMask = 2147483647;
			files = (
				4C9137E72402D442000D18D0 /* EssentialFeed.framework in Frameworks */,
				4C9137E92402D442000D18D0 /* EssentialFeediOS.framework in Frameworks */,
			);
			runOnlyForDeploymentPostprocessing = 0;
		};
		4C9137D22402CD70000D18D0 /* Frameworks */ = {
			isa = PBXFrameworksBuildPhase;
			buildActionMask = 2147483647;
			files = (
			);
			runOnlyForDeploymentPostprocessing = 0;
		};
/* End PBXFrameworksBuildPhase section */

/* Begin PBXGroup section */
		4C42628F2408443E00AE1FE8 /* Helpers */ = {
			isa = PBXGroup;
			children = (
				4C4262902408445C00AE1FE8 /* XCTestCase+MemoryLeakTracking.swift */,
				4C2AE4AB2412969A003F65F7 /* XCTestCase+FeedLoader.swift */,
				4C426292240844EB00AE1FE8 /* SharedTestHelpers.swift */,
				4C2AE4A92412951D003F65F7 /* FeedLoaderStub.swift */,
			);
			path = Helpers;
			sourceTree = "<group>";
		};
		4C9137B62402CD6E000D18D0 = {
			isa = PBXGroup;
			children = (
				4C9137C12402CD6F000D18D0 /* EssentialApp */,
				4C9137D82402CD70000D18D0 /* EssentialAppTests */,
				4C9137C02402CD6F000D18D0 /* Products */,
				4C9137E42402D442000D18D0 /* Frameworks */,
			);
			sourceTree = "<group>";
		};
		4C9137C02402CD6F000D18D0 /* Products */ = {
			isa = PBXGroup;
			children = (
				4C9137BF2402CD6F000D18D0 /* EssentialApp.app */,
				4C9137D52402CD70000D18D0 /* EssentialAppTests.xctest */,
			);
			name = Products;
			sourceTree = "<group>";
		};
		4C9137C12402CD6F000D18D0 /* EssentialApp */ = {
			isa = PBXGroup;
			children = (
				4C9137C22402CD6F000D18D0 /* AppDelegate.swift */,
				4C9137C42402CD6F000D18D0 /* SceneDelegate.swift */,
				4C4262872408393C00AE1FE8 /* FeedLoaderWithFallbackComposite.swift */,
				4C42628B24083AE000AE1FE8 /* FeedImageDataLoaderWithFallbackComposite.swift */,
				4C9137C82402CD6F000D18D0 /* Main.storyboard */,
				4C42628924083A3400AE1FE8 /* ViewController.swift */,
				4C9137CB2402CD70000D18D0 /* Assets.xcassets */,
				4C9137CD2402CD70000D18D0 /* LaunchScreen.storyboard */,
				4C9137D02402CD70000D18D0 /* Info.plist */,
				4C2AE4AF2412AEEA003F65F7 /* FeedLoaderCacheDecorator.swift */,
			);
			path = EssentialApp;
			sourceTree = "<group>";
		};
		4C9137D82402CD70000D18D0 /* EssentialAppTests */ = {
			isa = PBXGroup;
			children = (
				4C9137DB2402CD70000D18D0 /* Info.plist */,
				4C42628F2408443E00AE1FE8 /* Helpers */,
				4C9137EC24057F5F000D18D0 /* FeedLoaderWithFallbackCompositeTests.swift */,
				4C42628D24083D7100AE1FE8 /* FeedImageDataLoaderWithFallbackCompositeTests.swift */,
				4C76C275241285F400C3C52C /* FeedLoaderCacheDecoratorTests.swift */,
			);
			path = EssentialAppTests;
			sourceTree = "<group>";
		};
		4C9137E42402D442000D18D0 /* Frameworks */ = {
			isa = PBXGroup;
			children = (
				4C9137E52402D442000D18D0 /* EssentialFeed.framework */,
				4C9137E62402D442000D18D0 /* EssentialFeediOS.framework */,
			);
			name = Frameworks;
			sourceTree = "<group>";
		};
/* End PBXGroup section */

/* Begin PBXNativeTarget section */
		4C9137BE2402CD6F000D18D0 /* EssentialApp */ = {
			isa = PBXNativeTarget;
			buildConfigurationList = 4C9137DE2402CD70000D18D0 /* Build configuration list for PBXNativeTarget "EssentialApp" */;
			buildPhases = (
				4C9137BB2402CD6F000D18D0 /* Sources */,
				4C9137BC2402CD6F000D18D0 /* Frameworks */,
				4C9137BD2402CD6F000D18D0 /* Resources */,
				4C9137EB2402D442000D18D0 /* Embed Frameworks */,
			);
			buildRules = (
			);
			dependencies = (
			);
			name = EssentialApp;
			productName = EssentialApp;
			productReference = 4C9137BF2402CD6F000D18D0 /* EssentialApp.app */;
			productType = "com.apple.product-type.application";
		};
		4C9137D42402CD70000D18D0 /* EssentialAppTests */ = {
			isa = PBXNativeTarget;
			buildConfigurationList = 4C9137E12402CD70000D18D0 /* Build configuration list for PBXNativeTarget "EssentialAppTests" */;
			buildPhases = (
				4C9137D12402CD70000D18D0 /* Sources */,
				4C9137D22402CD70000D18D0 /* Frameworks */,
				4C9137D32402CD70000D18D0 /* Resources */,
			);
			buildRules = (
			);
			dependencies = (
				4C9137D72402CD70000D18D0 /* PBXTargetDependency */,
			);
			name = EssentialAppTests;
			productName = EssentialAppTests;
			productReference = 4C9137D52402CD70000D18D0 /* EssentialAppTests.xctest */;
			productType = "com.apple.product-type.bundle.unit-test";
		};
/* End PBXNativeTarget section */

/* Begin PBXProject section */
		4C9137B72402CD6E000D18D0 /* Project object */ = {
			isa = PBXProject;
			attributes = {
				LastSwiftUpdateCheck = 1130;
				LastUpgradeCheck = 1130;
				ORGANIZATIONNAME = SevDev;
				TargetAttributes = {
					4C9137BE2402CD6F000D18D0 = {
						CreatedOnToolsVersion = 11.3.1;
					};
					4C9137D42402CD70000D18D0 = {
						CreatedOnToolsVersion = 11.3.1;
						LastSwiftMigration = 1130;
						TestTargetID = 4C9137BE2402CD6F000D18D0;
					};
				};
			};
			buildConfigurationList = 4C9137BA2402CD6E000D18D0 /* Build configuration list for PBXProject "EssentialApp" */;
			compatibilityVersion = "Xcode 9.3";
			developmentRegion = en;
			hasScannedForEncodings = 0;
			knownRegions = (
				en,
				Base,
			);
			mainGroup = 4C9137B62402CD6E000D18D0;
			productRefGroup = 4C9137C02402CD6F000D18D0 /* Products */;
			projectDirPath = "";
			projectRoot = "";
			targets = (
				4C9137BE2402CD6F000D18D0 /* EssentialApp */,
				4C9137D42402CD70000D18D0 /* EssentialAppTests */,
			);
		};
/* End PBXProject section */

/* Begin PBXResourcesBuildPhase section */
		4C9137BD2402CD6F000D18D0 /* Resources */ = {
			isa = PBXResourcesBuildPhase;
			buildActionMask = 2147483647;
			files = (
				4C9137CF2402CD70000D18D0 /* LaunchScreen.storyboard in Resources */,
				4C9137CC2402CD70000D18D0 /* Assets.xcassets in Resources */,
				4C9137CA2402CD6F000D18D0 /* Main.storyboard in Resources */,
			);
			runOnlyForDeploymentPostprocessing = 0;
		};
		4C9137D32402CD70000D18D0 /* Resources */ = {
			isa = PBXResourcesBuildPhase;
			buildActionMask = 2147483647;
			files = (
			);
			runOnlyForDeploymentPostprocessing = 0;
		};
/* End PBXResourcesBuildPhase section */

/* Begin PBXSourcesBuildPhase section */
		4C9137BB2402CD6F000D18D0 /* Sources */ = {
			isa = PBXSourcesBuildPhase;
			buildActionMask = 2147483647;
			files = (
				4C9137C32402CD6F000D18D0 /* AppDelegate.swift in Sources */,
				4C4262882408393C00AE1FE8 /* FeedLoaderWithFallbackComposite.swift in Sources */,
				4C42628A24083A3400AE1FE8 /* ViewController.swift in Sources */,
				4C2AE4B02412AEEA003F65F7 /* FeedLoaderCacheDecorator.swift in Sources */,
				4C9137C52402CD6F000D18D0 /* SceneDelegate.swift in Sources */,
				4C42628C24083AE000AE1FE8 /* FeedImageDataLoaderWithFallbackComposite.swift in Sources */,
			);
			runOnlyForDeploymentPostprocessing = 0;
		};
		4C9137D12402CD70000D18D0 /* Sources */ = {
			isa = PBXSourcesBuildPhase;
			buildActionMask = 2147483647;
			files = (
				4C426293240844EB00AE1FE8 /* SharedTestHelpers.swift in Sources */,
				4C2AE4AC2412969A003F65F7 /* XCTestCase+FeedLoader.swift in Sources */,
				4C76C276241285F400C3C52C /* FeedLoaderCacheDecoratorTests.swift in Sources */,
				4C42628E24083D7100AE1FE8 /* FeedImageDataLoaderWithFallbackCompositeTests.swift in Sources */,
				4C9137ED24057F5F000D18D0 /* FeedLoaderWithFallbackCompositeTests.swift in Sources */,
				4C2AE4AA2412951D003F65F7 /* FeedLoaderStub.swift in Sources */,
				4C4262912408445C00AE1FE8 /* XCTestCase+MemoryLeakTracking.swift in Sources */,
			);
			runOnlyForDeploymentPostprocessing = 0;
		};
/* End PBXSourcesBuildPhase section */

/* Begin PBXTargetDependency section */
		4C9137D72402CD70000D18D0 /* PBXTargetDependency */ = {
			isa = PBXTargetDependency;
			target = 4C9137BE2402CD6F000D18D0 /* EssentialApp */;
			targetProxy = 4C9137D62402CD70000D18D0 /* PBXContainerItemProxy */;
		};
/* End PBXTargetDependency section */

/* Begin PBXVariantGroup section */
		4C9137C82402CD6F000D18D0 /* Main.storyboard */ = {
			isa = PBXVariantGroup;
			children = (
				4C9137C92402CD6F000D18D0 /* Base */,
			);
			name = Main.storyboard;
			sourceTree = "<group>";
		};
		4C9137CD2402CD70000D18D0 /* LaunchScreen.storyboard */ = {
			isa = PBXVariantGroup;
			children = (
				4C9137CE2402CD70000D18D0 /* Base */,
			);
			name = LaunchScreen.storyboard;
			sourceTree = "<group>";
		};
/* End PBXVariantGroup section */

/* Begin XCBuildConfiguration section */
		4C9137DC2402CD70000D18D0 /* Debug */ = {
			isa = XCBuildConfiguration;
			buildSettings = {
				ALWAYS_SEARCH_USER_PATHS = NO;
				CLANG_ANALYZER_NONNULL = YES;
				CLANG_ANALYZER_NUMBER_OBJECT_CONVERSION = YES_AGGRESSIVE;
				CLANG_CXX_LANGUAGE_STANDARD = "gnu++14";
				CLANG_CXX_LIBRARY = "libc++";
				CLANG_ENABLE_MODULES = YES;
				CLANG_ENABLE_OBJC_ARC = YES;
				CLANG_ENABLE_OBJC_WEAK = YES;
				CLANG_WARN_BLOCK_CAPTURE_AUTORELEASING = YES;
				CLANG_WARN_BOOL_CONVERSION = YES;
				CLANG_WARN_COMMA = YES;
				CLANG_WARN_CONSTANT_CONVERSION = YES;
				CLANG_WARN_DEPRECATED_OBJC_IMPLEMENTATIONS = YES;
				CLANG_WARN_DIRECT_OBJC_ISA_USAGE = YES_ERROR;
				CLANG_WARN_DOCUMENTATION_COMMENTS = YES;
				CLANG_WARN_EMPTY_BODY = YES;
				CLANG_WARN_ENUM_CONVERSION = YES;
				CLANG_WARN_INFINITE_RECURSION = YES;
				CLANG_WARN_INT_CONVERSION = YES;
				CLANG_WARN_NON_LITERAL_NULL_CONVERSION = YES;
				CLANG_WARN_OBJC_IMPLICIT_RETAIN_SELF = YES;
				CLANG_WARN_OBJC_LITERAL_CONVERSION = YES;
				CLANG_WARN_OBJC_ROOT_CLASS = YES_ERROR;
				CLANG_WARN_RANGE_LOOP_ANALYSIS = YES;
				CLANG_WARN_STRICT_PROTOTYPES = YES;
				CLANG_WARN_SUSPICIOUS_MOVE = YES;
				CLANG_WARN_UNGUARDED_AVAILABILITY = YES_AGGRESSIVE;
				CLANG_WARN_UNREACHABLE_CODE = YES;
				CLANG_WARN__DUPLICATE_METHOD_MATCH = YES;
				COPY_PHASE_STRIP = NO;
				DEBUG_INFORMATION_FORMAT = dwarf;
				ENABLE_STRICT_OBJC_MSGSEND = YES;
				ENABLE_TESTABILITY = YES;
				GCC_C_LANGUAGE_STANDARD = gnu11;
				GCC_DYNAMIC_NO_PIC = NO;
				GCC_NO_COMMON_BLOCKS = YES;
				GCC_OPTIMIZATION_LEVEL = 0;
				GCC_PREPROCESSOR_DEFINITIONS = (
					"DEBUG=1",
					"$(inherited)",
				);
				GCC_WARN_64_TO_32_BIT_CONVERSION = YES;
				GCC_WARN_ABOUT_RETURN_TYPE = YES_ERROR;
				GCC_WARN_UNDECLARED_SELECTOR = YES;
				GCC_WARN_UNINITIALIZED_AUTOS = YES_AGGRESSIVE;
				GCC_WARN_UNUSED_FUNCTION = YES;
				GCC_WARN_UNUSED_VARIABLE = YES;
				IPHONEOS_DEPLOYMENT_TARGET = 13.2;
				MTL_ENABLE_DEBUG_INFO = INCLUDE_SOURCE;
				MTL_FAST_MATH = YES;
				ONLY_ACTIVE_ARCH = YES;
				SDKROOT = iphoneos;
				SWIFT_ACTIVE_COMPILATION_CONDITIONS = DEBUG;
				SWIFT_OPTIMIZATION_LEVEL = "-Onone";
			};
			name = Debug;
		};
		4C9137DD2402CD70000D18D0 /* Release */ = {
			isa = XCBuildConfiguration;
			buildSettings = {
				ALWAYS_SEARCH_USER_PATHS = NO;
				CLANG_ANALYZER_NONNULL = YES;
				CLANG_ANALYZER_NUMBER_OBJECT_CONVERSION = YES_AGGRESSIVE;
				CLANG_CXX_LANGUAGE_STANDARD = "gnu++14";
				CLANG_CXX_LIBRARY = "libc++";
				CLANG_ENABLE_MODULES = YES;
				CLANG_ENABLE_OBJC_ARC = YES;
				CLANG_ENABLE_OBJC_WEAK = YES;
				CLANG_WARN_BLOCK_CAPTURE_AUTORELEASING = YES;
				CLANG_WARN_BOOL_CONVERSION = YES;
				CLANG_WARN_COMMA = YES;
				CLANG_WARN_CONSTANT_CONVERSION = YES;
				CLANG_WARN_DEPRECATED_OBJC_IMPLEMENTATIONS = YES;
				CLANG_WARN_DIRECT_OBJC_ISA_USAGE = YES_ERROR;
				CLANG_WARN_DOCUMENTATION_COMMENTS = YES;
				CLANG_WARN_EMPTY_BODY = YES;
				CLANG_WARN_ENUM_CONVERSION = YES;
				CLANG_WARN_INFINITE_RECURSION = YES;
				CLANG_WARN_INT_CONVERSION = YES;
				CLANG_WARN_NON_LITERAL_NULL_CONVERSION = YES;
				CLANG_WARN_OBJC_IMPLICIT_RETAIN_SELF = YES;
				CLANG_WARN_OBJC_LITERAL_CONVERSION = YES;
				CLANG_WARN_OBJC_ROOT_CLASS = YES_ERROR;
				CLANG_WARN_RANGE_LOOP_ANALYSIS = YES;
				CLANG_WARN_STRICT_PROTOTYPES = YES;
				CLANG_WARN_SUSPICIOUS_MOVE = YES;
				CLANG_WARN_UNGUARDED_AVAILABILITY = YES_AGGRESSIVE;
				CLANG_WARN_UNREACHABLE_CODE = YES;
				CLANG_WARN__DUPLICATE_METHOD_MATCH = YES;
				COPY_PHASE_STRIP = NO;
				DEBUG_INFORMATION_FORMAT = "dwarf-with-dsym";
				ENABLE_NS_ASSERTIONS = NO;
				ENABLE_STRICT_OBJC_MSGSEND = YES;
				GCC_C_LANGUAGE_STANDARD = gnu11;
				GCC_NO_COMMON_BLOCKS = YES;
				GCC_WARN_64_TO_32_BIT_CONVERSION = YES;
				GCC_WARN_ABOUT_RETURN_TYPE = YES_ERROR;
				GCC_WARN_UNDECLARED_SELECTOR = YES;
				GCC_WARN_UNINITIALIZED_AUTOS = YES_AGGRESSIVE;
				GCC_WARN_UNUSED_FUNCTION = YES;
				GCC_WARN_UNUSED_VARIABLE = YES;
				IPHONEOS_DEPLOYMENT_TARGET = 13.2;
				MTL_ENABLE_DEBUG_INFO = NO;
				MTL_FAST_MATH = YES;
				SDKROOT = iphoneos;
				SWIFT_COMPILATION_MODE = wholemodule;
				SWIFT_OPTIMIZATION_LEVEL = "-O";
				VALIDATE_PRODUCT = YES;
			};
			name = Release;
		};
		4C9137DF2402CD70000D18D0 /* Debug */ = {
			isa = XCBuildConfiguration;
			buildSettings = {
				ASSETCATALOG_COMPILER_APPICON_NAME = AppIcon;
				CODE_SIGN_STYLE = Automatic;
				DEVELOPMENT_TEAM = 84VDFSM8R5;
				INFOPLIST_FILE = EssentialApp/Info.plist;
				LD_RUNPATH_SEARCH_PATHS = (
					"$(inherited)",
					"@executable_path/Frameworks",
				);
				PRODUCT_BUNDLE_IDENTIFIER = com.sevdev.EssentialApp;
				PRODUCT_NAME = "$(TARGET_NAME)";
				SWIFT_VERSION = 5.0;
				TARGETED_DEVICE_FAMILY = "1,2";
			};
			name = Debug;
		};
		4C9137E02402CD70000D18D0 /* Release */ = {
			isa = XCBuildConfiguration;
			buildSettings = {
				ASSETCATALOG_COMPILER_APPICON_NAME = AppIcon;
				CODE_SIGN_STYLE = Automatic;
				DEVELOPMENT_TEAM = 84VDFSM8R5;
				INFOPLIST_FILE = EssentialApp/Info.plist;
				LD_RUNPATH_SEARCH_PATHS = (
					"$(inherited)",
					"@executable_path/Frameworks",
				);
				PRODUCT_BUNDLE_IDENTIFIER = com.sevdev.EssentialApp;
				PRODUCT_NAME = "$(TARGET_NAME)";
				SWIFT_VERSION = 5.0;
				TARGETED_DEVICE_FAMILY = "1,2";
			};
			name = Release;
		};
		4C9137E22402CD70000D18D0 /* Debug */ = {
			isa = XCBuildConfiguration;
			buildSettings = {
				ALWAYS_EMBED_SWIFT_STANDARD_LIBRARIES = YES;
				BUNDLE_LOADER = "$(TEST_HOST)";
				CLANG_ENABLE_MODULES = YES;
				CODE_SIGN_STYLE = Automatic;
				DEVELOPMENT_TEAM = 84VDFSM8R5;
				INFOPLIST_FILE = EssentialAppTests/Info.plist;
				IPHONEOS_DEPLOYMENT_TARGET = 13.2;
				LD_RUNPATH_SEARCH_PATHS = (
					"$(inherited)",
					"@executable_path/Frameworks",
					"@loader_path/Frameworks",
				);
				PRODUCT_BUNDLE_IDENTIFIER = com.sevdev.EssentialAppTests;
				PRODUCT_NAME = "$(TARGET_NAME)";
				SWIFT_OPTIMIZATION_LEVEL = "-Onone";
				SWIFT_VERSION = 5.0;
				TARGETED_DEVICE_FAMILY = "1,2";
				TEST_HOST = "$(BUILT_PRODUCTS_DIR)/EssentialApp.app/EssentialApp";
			};
			name = Debug;
		};
		4C9137E32402CD70000D18D0 /* Release */ = {
			isa = XCBuildConfiguration;
			buildSettings = {
				ALWAYS_EMBED_SWIFT_STANDARD_LIBRARIES = YES;
				BUNDLE_LOADER = "$(TEST_HOST)";
				CLANG_ENABLE_MODULES = YES;
				CODE_SIGN_STYLE = Automatic;
				DEVELOPMENT_TEAM = 84VDFSM8R5;
				INFOPLIST_FILE = EssentialAppTests/Info.plist;
				IPHONEOS_DEPLOYMENT_TARGET = 13.2;
				LD_RUNPATH_SEARCH_PATHS = (
					"$(inherited)",
					"@executable_path/Frameworks",
					"@loader_path/Frameworks",
				);
				PRODUCT_BUNDLE_IDENTIFIER = com.sevdev.EssentialAppTests;
				PRODUCT_NAME = "$(TARGET_NAME)";
				SWIFT_VERSION = 5.0;
				TARGETED_DEVICE_FAMILY = "1,2";
				TEST_HOST = "$(BUILT_PRODUCTS_DIR)/EssentialApp.app/EssentialApp";
			};
			name = Release;
		};
/* End XCBuildConfiguration section */

/* Begin XCConfigurationList section */
		4C9137BA2402CD6E000D18D0 /* Build configuration list for PBXProject "EssentialApp" */ = {
			isa = XCConfigurationList;
			buildConfigurations = (
				4C9137DC2402CD70000D18D0 /* Debug */,
				4C9137DD2402CD70000D18D0 /* Release */,
			);
			defaultConfigurationIsVisible = 0;
			defaultConfigurationName = Release;
		};
		4C9137DE2402CD70000D18D0 /* Build configuration list for PBXNativeTarget "EssentialApp" */ = {
			isa = XCConfigurationList;
			buildConfigurations = (
				4C9137DF2402CD70000D18D0 /* Debug */,
				4C9137E02402CD70000D18D0 /* Release */,
			);
			defaultConfigurationIsVisible = 0;
			defaultConfigurationName = Release;
		};
		4C9137E12402CD70000D18D0 /* Build configuration list for PBXNativeTarget "EssentialAppTests" */ = {
			isa = XCConfigurationList;
			buildConfigurations = (
				4C9137E22402CD70000D18D0 /* Debug */,
				4C9137E32402CD70000D18D0 /* Release */,
			);
			defaultConfigurationIsVisible = 0;
			defaultConfigurationName = Release;
		};
/* End XCConfigurationList section */
	};
	rootObject = 4C9137B72402CD6E000D18D0 /* Project object */;
}
